
Microsoft Visual Studio Solution File, Format Version 12.00
# Visual Studio Version 16
VisualStudioVersion = 16.0.30114.105
MinimumVisualStudioVersion = 10.0.40219.1
Project("{FAE04EC0-301F-11D3-BF4B-00C04F79EFBC}") = "z0.test.checks", "test.checks\z0.test.checks.csproj", "{0B57BC3C-BC9D-45CC-A7F9-787B28CF6AF8}"
EndProject
Project("{FAE04EC0-301F-11D3-BF4B-00C04F79EFBC}") = "z0.test.units", "test.units\z0.test.units.csproj", "{9A675236-DFEF-4EF9-86F1-A845EE09F031}"
EndProject
Project("{FAE04EC0-301F-11D3-BF4B-00C04F79EFBC}") = "z0.test.shell", "test.shell\z0.test.shell.csproj", "{A87A1B12-A977-4270-A656-867601F3A2A7}"
EndProject
Global
	GlobalSection(SolutionConfigurationPlatforms) = preSolution
		Debug|Any CPU = Debug|Any CPU
		Release|Any CPU = Release|Any CPU
	EndGlobalSection
	GlobalSection(SolutionProperties) = preSolution
		HideSolutionNode = FALSE
	EndGlobalSection
	GlobalSection(ProjectConfigurationPlatforms) = postSolution
		{0B57BC3C-BC9D-45CC-A7F9-787B28CF6AF8}.Debug|Any CPU.ActiveCfg = Debug|Any CPU
		{0B57BC3C-BC9D-45CC-A7F9-787B28CF6AF8}.Debug|Any CPU.Build.0 = Debug|Any CPU
		{0B57BC3C-BC9D-45CC-A7F9-787B28CF6AF8}.Release|Any CPU.ActiveCfg = Release|Any CPU
		{0B57BC3C-BC9D-45CC-A7F9-787B28CF6AF8}.Release|Any CPU.Build.0 = Release|Any CPU
		{9A675236-DFEF-4EF9-86F1-A845EE09F031}.Debug|Any CPU.ActiveCfg = Debug|Any CPU
		{9A675236-DFEF-4EF9-86F1-A845EE09F031}.Debug|Any CPU.Build.0 = Debug|Any CPU
		{9A675236-DFEF-4EF9-86F1-A845EE09F031}.Release|Any CPU.ActiveCfg = Release|Any CPU
		{9A675236-DFEF-4EF9-86F1-A845EE09F031}.Release|Any CPU.Build.0 = Release|Any CPU
		{A87A1B12-A977-4270-A656-867601F3A2A7}.Debug|Any CPU.ActiveCfg = Debug|Any CPU
		{A87A1B12-A977-4270-A656-867601F3A2A7}.Debug|Any CPU.Build.0 = Debug|Any CPU
		{A87A1B12-A977-4270-A656-867601F3A2A7}.Release|Any CPU.ActiveCfg = Release|Any CPU
		{A87A1B12-A977-4270-A656-867601F3A2A7}.Release|Any CPU.Build.0 = Release|Any CPU
	EndGlobalSection
EndGlobal
