
Microsoft Visual Studio Solution File, Format Version 12.00
# Visual Studio Version 17
VisualStudioVersion = 17.0.31903.59
MinimumVisualStudioVersion = 10.0.40219.1
Project("{2150E333-8FDC-42A3-9474-1A3956D46DE8}") = "src", "src", "{CCE168BF-F440-40FE-B2AC-C0E446860D3F}"
EndProject
Project("{FAE04EC0-301F-11D3-BF4B-00C04F79EFBC}") = "z0.agents", "src\agents\z0.agents.csproj", "{77147959-D6FB-453E-94F9-D61A6E7522F2}"
EndProject
Project("{FAE04EC0-301F-11D3-BF4B-00C04F79EFBC}") = "z0.api.code", "src\api.code\z0.api.code.csproj", "{734E399F-DA3E-49FF-ADAF-5CFA54C5C231}"
EndProject
Project("{FAE04EC0-301F-11D3-BF4B-00C04F79EFBC}") = "z0.bitvectors", "src\bitvectors\z0.bitvectors.csproj", "{EB5E64CA-D594-4BB2-8D02-82658DDB5FCA}"
EndProject
Project("{FAE04EC0-301F-11D3-BF4B-00C04F79EFBC}") = "z0.bits", "src\bits\z0.bits.csproj", "{9DE6A0D5-D28E-49EC-AC1E-8395BA959792}"
EndProject
Project("{FAE04EC0-301F-11D3-BF4B-00C04F79EFBC}") = "z0.calcs", "src\calcs\z0.calcs.csproj", "{4C0ADDD8-E330-4002-96D0-A3D9A24B8BEF}"
EndProject
Project("{FAE04EC0-301F-11D3-BF4B-00C04F79EFBC}") = "z0.circuits", "src\circuits\z0.circuits.csproj", "{E910ED6E-A709-4E60-9DBC-E2761C253CC7}"
EndProject
Project("{FAE04EC0-301F-11D3-BF4B-00C04F79EFBC}") = "z0.clr.query", "src\clr.query\z0.clr.query.csproj", "{35D10BD3-A23B-4EFE-BD56-13217039AD80}"
EndProject
Project("{FAE04EC0-301F-11D3-BF4B-00C04F79EFBC}") = "z0.clr.cil", "src\clr.cil\z0.clr.cil.csproj", "{AAE2D814-9FE0-4494-9983-646A524F80EF}"
EndProject
Project("{FAE04EC0-301F-11D3-BF4B-00C04F79EFBC}") = "z0.clr.ecma", "src\clr.ecma\z0.clr.ecma.csproj", "{71DF8F5B-3B87-4F3B-AEC2-4FC3A00BEDFF}"
EndProject
Project("{FAE04EC0-301F-11D3-BF4B-00C04F79EFBC}") = "z0.containers", "src\containers\z0.containers.csproj", "{6B623B13-FA8C-4AFB-9987-536D487AB211}"
EndProject
Project("{FAE04EC0-301F-11D3-BF4B-00C04F79EFBC}") = "z0.cells", "src\cells\z0.cells.csproj", "{E78CBB5C-0B7A-46AF-8246-15CA367BFB3B}"
EndProject
Project("{FAE04EC0-301F-11D3-BF4B-00C04F79EFBC}") = "z0.cmd", "src\cmd\z0.cmd.csproj", "{4216A2A5-F231-4878-8ABE-3B39A62FB940}"
EndProject
Project("{FAE04EC0-301F-11D3-BF4B-00C04F79EFBC}") = "z0.dynamic", "src\dynamic\z0.dynamic.csproj", "{7F928965-3154-47C9-AB80-55DF0E87E53F}"
EndProject
Project("{FAE04EC0-301F-11D3-BF4B-00C04F79EFBC}") = "z0.events", "src\events\z0.events.csproj", "{67162E0F-EBBC-49D0-BB62-55308799E504}"
EndProject
Project("{FAE04EC0-301F-11D3-BF4B-00C04F79EFBC}") = "z0.emath", "src\emath\z0.emath.csproj", "{836ADECB-DAE3-4EBC-B207-C665D084FBB2}"
EndProject
Project("{FAE04EC0-301F-11D3-BF4B-00C04F79EFBC}") = "z0.grids", "src\grids\z0.grids.csproj", "{B7455872-F049-474B-9BA4-403DCCEC0E5C}"
EndProject
Project("{FAE04EC0-301F-11D3-BF4B-00C04F79EFBC}") = "z0.hex", "src\hex\z0.hex.csproj", "{FDDFFE72-D1A5-4F9A-AD65-5420587DC81D}"
EndProject
Project("{FAE04EC0-301F-11D3-BF4B-00C04F79EFBC}") = "z0.intel.svc", "src\intel.svc\z0.intel.svc.csproj", "{D472C541-6317-4CC3-99B0-4E1E759BC0DB}"
EndProject
Project("{FAE04EC0-301F-11D3-BF4B-00C04F79EFBC}") = "z0.linq", "src\linq\z0.linq.csproj", "{0D49F3A5-73CB-4E4B-AB75-04318C28CE94}"
EndProject
Project("{FAE04EC0-301F-11D3-BF4B-00C04F79EFBC}") = "z0.math", "src\math\z0.math.csproj", "{E19B8E0B-B1BD-4506-AACE-3FE73904EC69}"
EndProject
Project("{FAE04EC0-301F-11D3-BF4B-00C04F79EFBC}") = "z0.machines", "src\machines\z0.machines.csproj", "{5DB6C20E-CFBB-4707-8963-A2E4D0178DC1}"
EndProject
Project("{FAE04EC0-301F-11D3-BF4B-00C04F79EFBC}") = "z0.native", "src\native\z0.native.csproj", "{B1101A4F-3784-4318-A336-B419C924B7CA}"
EndProject
Project("{FAE04EC0-301F-11D3-BF4B-00C04F79EFBC}") = "z0.numbers", "src\numbers\z0.numbers.csproj", "{382AF5DF-FDC6-4A42-960A-B6E8B6BE3EE2}"
EndProject
Project("{FAE04EC0-301F-11D3-BF4B-00C04F79EFBC}") = "z0.polyrand", "src\polyrand\z0.polyrand.csproj", "{F55470A3-C4F7-496A-94DE-81073E175812}"
EndProject
Project("{FAE04EC0-301F-11D3-BF4B-00C04F79EFBC}") = "z0.process", "src\process\z0.process.csproj", "{8026726E-4805-4FAE-AFFE-6CD8CBD194C8}"
EndProject
Project("{FAE04EC0-301F-11D3-BF4B-00C04F79EFBC}") = "z0.shell", "src\shell\z0.shell.csproj", "{B07B196D-B348-4F50-9993-B672F9AD45BA}"
EndProject
Project("{FAE04EC0-301F-11D3-BF4B-00C04F79EFBC}") = "z0.test.checks", "src\test.checks\z0.test.checks.csproj", "{BB4C97E5-B70B-4EBF-8BA0-E840D72C2F65}"
EndProject
Project("{FAE04EC0-301F-11D3-BF4B-00C04F79EFBC}") = "z0.test.shell", "src\test.shell\z0.test.shell.csproj", "{E9D49F38-916F-4ECF-BAE7-A239FBB41419}"
EndProject
Project("{FAE04EC0-301F-11D3-BF4B-00C04F79EFBC}") = "z0.test.units", "src\test.units\z0.test.units.csproj", "{378BA425-AB98-46E3-A5C0-155EAD374C99}"
EndProject
Project("{FAE04EC0-301F-11D3-BF4B-00C04F79EFBC}") = "z0.workflow", "src\workflow\z0.workflow.csproj", "{33483729-391B-4F2D-9668-3AF7CC69E73F}"
EndProject
Project("{FAE04EC0-301F-11D3-BF4B-00C04F79EFBC}") = "z0.commands", "src\commands\z0.commands.csproj", "{5E49E1F9-BCCF-40E8-9F50-6FC8E6304FFF}"
EndProject
Project("{FAE04EC0-301F-11D3-BF4B-00C04F79EFBC}") = "z0.stitch", "src\stitch\z0.stitch.csproj", "{AE0A32EF-50AD-4C7F-B544-A192DABB0ACD}"
EndProject
Project("{FAE04EC0-301F-11D3-BF4B-00C04F79EFBC}") = "z0.xml", "src\xml\z0.xml.csproj", "{70BD214A-076B-43F1-8D9D-7F4A39CB8CCC}"
EndProject
Project("{FAE04EC0-301F-11D3-BF4B-00C04F79EFBC}") = "z0.sfx", "src\sfx\z0.sfx.csproj", "{9B1F8260-D805-469F-B48E-B9819A9CCA29}"
EndProject
Project("{FAE04EC0-301F-11D3-BF4B-00C04F79EFBC}") = "z0.files", "src\files\z0.files.csproj", "{1A3667CD-8B44-4284-B58D-83A8A3068B9F}"
EndProject
Project("{FAE04EC0-301F-11D3-BF4B-00C04F79EFBC}") = "z0.intel.shell", "src\intel.shell\z0.intel.shell.csproj", "{68CF6263-BA42-4AAA-8E90-27B1DD6E07D2}"
EndProject
Project("{FAE04EC0-301F-11D3-BF4B-00C04F79EFBC}") = "z0.components", "src\components\z0.components.csproj", "{9348D927-B382-42F4-A1EA-A0BC15C9675D}"
EndProject
Project("{FAE04EC0-301F-11D3-BF4B-00C04F79EFBC}") = "z0.symbols", "src\symbols\z0.symbols.csproj", "{95476562-D585-4EE7-83D6-A4A34B135F96}"
EndProject
Project("{FAE04EC0-301F-11D3-BF4B-00C04F79EFBC}") = "z0.workers", "src\workers\z0.workers.csproj", "{004792E3-CF18-47A1-85BA-1063FD551C28}"
EndProject
Project("{FAE04EC0-301F-11D3-BF4B-00C04F79EFBC}") = "z0.monitor", "src\monitor\z0.monitor.csproj", "{6FAE46F5-C870-40FB-A4EA-B38C1F65EC43}"
EndProject
Project("{FAE04EC0-301F-11D3-BF4B-00C04F79EFBC}") = "z0.vcpu", "src\vcpu\z0.vcpu.csproj", "{E826909B-785A-4A61-BA02-353C767A40FE}"
EndProject
Project("{FAE04EC0-301F-11D3-BF4B-00C04F79EFBC}") = "z0.digital", "src\digital\z0.digital.csproj", "{4CC60911-DE9E-4E0F-B68F-9C6FF52B1E62}"
EndProject
Project("{FAE04EC0-301F-11D3-BF4B-00C04F79EFBC}") = "z0.buffers", "src\buffers\z0.buffers.csproj", "{1033F6FE-DF36-476C-AA27-B0FF74ED5BFF}"
EndProject
Project("{FAE04EC0-301F-11D3-BF4B-00C04F79EFBC}") = "z0.bitfields", "src\bitfields\z0.bitfields.csproj", "{AFC34C9C-8E96-4948-ABC3-DD9B935E6980}"
EndProject
Project("{FAE04EC0-301F-11D3-BF4B-00C04F79EFBC}") = "z0.asci", "src\asci\z0.asci.csproj", "{0085E8BF-A784-4B5D-B80C-D515227DFD10}"
EndProject
Project("{FAE04EC0-301F-11D3-BF4B-00C04F79EFBC}") = "z0.env", "src\env\z0.env.csproj", "{40A05B46-2351-42B5-A5CB-C41513D3949E}"
EndProject
Project("{FAE04EC0-301F-11D3-BF4B-00C04F79EFBC}") = "z0.api.v1", "src\api.v1\z0.api.v1.csproj", "{D884C0D9-F644-46F3-BD0C-C0F6916039D4}"
EndProject
Project("{FAE04EC0-301F-11D3-BF4B-00C04F79EFBC}") = "z0.asm.v1", "src\asm.v1\z0.asm.v1.csproj", "{8CE48F79-257A-4D7F-950D-C59F67FAFA28}"
EndProject
Project("{FAE04EC0-301F-11D3-BF4B-00C04F79EFBC}") = "z0.asm", "src\asm\z0.asm.csproj", "{B25FA283-0803-48DE-A3FE-C164A1C3C5EF}"
EndProject
Project("{FAE04EC0-301F-11D3-BF4B-00C04F79EFBC}") = "z0.asm.shell", "src\asm.shell\z0.asm.shell.csproj", "{2F3D9874-BFA8-4891-BB12-8E63D784CCB4}"
EndProject
Project("{FAE04EC0-301F-11D3-BF4B-00C04F79EFBC}") = "z0.markdown", "src\markdown\z0.markdown.csproj", "{91CFEDF9-9689-498C-AF6B-644B01A90582}"
EndProject
Global
	GlobalSection(SolutionConfigurationPlatforms) = preSolution
		Debug|Any CPU = Debug|Any CPU
		Release|Any CPU = Release|Any CPU
	EndGlobalSection
	GlobalSection(SolutionProperties) = preSolution
		HideSolutionNode = FALSE
	EndGlobalSection
	GlobalSection(ProjectConfigurationPlatforms) = postSolution
		{77147959-D6FB-453E-94F9-D61A6E7522F2}.Debug|Any CPU.ActiveCfg = Debug|x64
		{77147959-D6FB-453E-94F9-D61A6E7522F2}.Debug|Any CPU.Build.0 = Debug|x64
		{77147959-D6FB-453E-94F9-D61A6E7522F2}.Release|Any CPU.ActiveCfg = Release|x64
		{77147959-D6FB-453E-94F9-D61A6E7522F2}.Release|Any CPU.Build.0 = Release|x64
		{734E399F-DA3E-49FF-ADAF-5CFA54C5C231}.Debug|Any CPU.ActiveCfg = Debug|x64
		{734E399F-DA3E-49FF-ADAF-5CFA54C5C231}.Debug|Any CPU.Build.0 = Debug|x64
		{734E399F-DA3E-49FF-ADAF-5CFA54C5C231}.Release|Any CPU.ActiveCfg = Release|x64
		{734E399F-DA3E-49FF-ADAF-5CFA54C5C231}.Release|Any CPU.Build.0 = Release|x64
		{EB5E64CA-D594-4BB2-8D02-82658DDB5FCA}.Debug|Any CPU.ActiveCfg = Debug|x64
		{EB5E64CA-D594-4BB2-8D02-82658DDB5FCA}.Debug|Any CPU.Build.0 = Debug|x64
		{EB5E64CA-D594-4BB2-8D02-82658DDB5FCA}.Release|Any CPU.ActiveCfg = Release|x64
		{EB5E64CA-D594-4BB2-8D02-82658DDB5FCA}.Release|Any CPU.Build.0 = Release|x64
		{9DE6A0D5-D28E-49EC-AC1E-8395BA959792}.Debug|Any CPU.ActiveCfg = Debug|x64
		{9DE6A0D5-D28E-49EC-AC1E-8395BA959792}.Debug|Any CPU.Build.0 = Debug|x64
		{9DE6A0D5-D28E-49EC-AC1E-8395BA959792}.Release|Any CPU.ActiveCfg = Release|x64
		{9DE6A0D5-D28E-49EC-AC1E-8395BA959792}.Release|Any CPU.Build.0 = Release|x64
		{4C0ADDD8-E330-4002-96D0-A3D9A24B8BEF}.Debug|Any CPU.ActiveCfg = Debug|x64
		{4C0ADDD8-E330-4002-96D0-A3D9A24B8BEF}.Debug|Any CPU.Build.0 = Debug|x64
		{4C0ADDD8-E330-4002-96D0-A3D9A24B8BEF}.Release|Any CPU.ActiveCfg = Release|x64
		{4C0ADDD8-E330-4002-96D0-A3D9A24B8BEF}.Release|Any CPU.Build.0 = Release|x64
		{E910ED6E-A709-4E60-9DBC-E2761C253CC7}.Debug|Any CPU.ActiveCfg = Debug|x64
		{E910ED6E-A709-4E60-9DBC-E2761C253CC7}.Debug|Any CPU.Build.0 = Debug|x64
		{E910ED6E-A709-4E60-9DBC-E2761C253CC7}.Release|Any CPU.ActiveCfg = Release|x64
		{E910ED6E-A709-4E60-9DBC-E2761C253CC7}.Release|Any CPU.Build.0 = Release|x64
		{35D10BD3-A23B-4EFE-BD56-13217039AD80}.Debug|Any CPU.ActiveCfg = Debug|x64
		{35D10BD3-A23B-4EFE-BD56-13217039AD80}.Debug|Any CPU.Build.0 = Debug|x64
		{35D10BD3-A23B-4EFE-BD56-13217039AD80}.Release|Any CPU.ActiveCfg = Release|x64
		{35D10BD3-A23B-4EFE-BD56-13217039AD80}.Release|Any CPU.Build.0 = Release|x64
		{AAE2D814-9FE0-4494-9983-646A524F80EF}.Debug|Any CPU.ActiveCfg = Debug|x64
		{AAE2D814-9FE0-4494-9983-646A524F80EF}.Debug|Any CPU.Build.0 = Debug|x64
		{AAE2D814-9FE0-4494-9983-646A524F80EF}.Release|Any CPU.ActiveCfg = Release|x64
		{AAE2D814-9FE0-4494-9983-646A524F80EF}.Release|Any CPU.Build.0 = Release|x64
		{71DF8F5B-3B87-4F3B-AEC2-4FC3A00BEDFF}.Debug|Any CPU.ActiveCfg = Debug|x64
		{71DF8F5B-3B87-4F3B-AEC2-4FC3A00BEDFF}.Debug|Any CPU.Build.0 = Debug|x64
		{71DF8F5B-3B87-4F3B-AEC2-4FC3A00BEDFF}.Release|Any CPU.ActiveCfg = Release|x64
		{71DF8F5B-3B87-4F3B-AEC2-4FC3A00BEDFF}.Release|Any CPU.Build.0 = Release|x64
		{6B623B13-FA8C-4AFB-9987-536D487AB211}.Debug|Any CPU.ActiveCfg = Debug|x64
		{6B623B13-FA8C-4AFB-9987-536D487AB211}.Debug|Any CPU.Build.0 = Debug|x64
		{6B623B13-FA8C-4AFB-9987-536D487AB211}.Release|Any CPU.ActiveCfg = Release|x64
		{6B623B13-FA8C-4AFB-9987-536D487AB211}.Release|Any CPU.Build.0 = Release|x64
		{E78CBB5C-0B7A-46AF-8246-15CA367BFB3B}.Debug|Any CPU.ActiveCfg = Debug|x64
		{E78CBB5C-0B7A-46AF-8246-15CA367BFB3B}.Debug|Any CPU.Build.0 = Debug|x64
		{E78CBB5C-0B7A-46AF-8246-15CA367BFB3B}.Release|Any CPU.ActiveCfg = Release|x64
		{E78CBB5C-0B7A-46AF-8246-15CA367BFB3B}.Release|Any CPU.Build.0 = Release|x64
		{4216A2A5-F231-4878-8ABE-3B39A62FB940}.Debug|Any CPU.ActiveCfg = Debug|x64
		{4216A2A5-F231-4878-8ABE-3B39A62FB940}.Debug|Any CPU.Build.0 = Debug|x64
		{4216A2A5-F231-4878-8ABE-3B39A62FB940}.Release|Any CPU.ActiveCfg = Release|x64
		{4216A2A5-F231-4878-8ABE-3B39A62FB940}.Release|Any CPU.Build.0 = Release|x64
		{7F928965-3154-47C9-AB80-55DF0E87E53F}.Debug|Any CPU.ActiveCfg = Debug|x64
		{7F928965-3154-47C9-AB80-55DF0E87E53F}.Debug|Any CPU.Build.0 = Debug|x64
		{7F928965-3154-47C9-AB80-55DF0E87E53F}.Release|Any CPU.ActiveCfg = Release|x64
		{7F928965-3154-47C9-AB80-55DF0E87E53F}.Release|Any CPU.Build.0 = Release|x64
		{67162E0F-EBBC-49D0-BB62-55308799E504}.Debug|Any CPU.ActiveCfg = Debug|x64
		{67162E0F-EBBC-49D0-BB62-55308799E504}.Debug|Any CPU.Build.0 = Debug|x64
		{67162E0F-EBBC-49D0-BB62-55308799E504}.Release|Any CPU.ActiveCfg = Release|x64
		{67162E0F-EBBC-49D0-BB62-55308799E504}.Release|Any CPU.Build.0 = Release|x64
		{836ADECB-DAE3-4EBC-B207-C665D084FBB2}.Debug|Any CPU.ActiveCfg = Debug|x64
		{836ADECB-DAE3-4EBC-B207-C665D084FBB2}.Debug|Any CPU.Build.0 = Debug|x64
		{836ADECB-DAE3-4EBC-B207-C665D084FBB2}.Release|Any CPU.ActiveCfg = Release|x64
		{836ADECB-DAE3-4EBC-B207-C665D084FBB2}.Release|Any CPU.Build.0 = Release|x64
		{B7455872-F049-474B-9BA4-403DCCEC0E5C}.Debug|Any CPU.ActiveCfg = Debug|x64
		{B7455872-F049-474B-9BA4-403DCCEC0E5C}.Debug|Any CPU.Build.0 = Debug|x64
		{B7455872-F049-474B-9BA4-403DCCEC0E5C}.Release|Any CPU.ActiveCfg = Release|x64
		{B7455872-F049-474B-9BA4-403DCCEC0E5C}.Release|Any CPU.Build.0 = Release|x64
		{FDDFFE72-D1A5-4F9A-AD65-5420587DC81D}.Debug|Any CPU.ActiveCfg = Debug|x64
		{FDDFFE72-D1A5-4F9A-AD65-5420587DC81D}.Debug|Any CPU.Build.0 = Debug|x64
		{FDDFFE72-D1A5-4F9A-AD65-5420587DC81D}.Release|Any CPU.ActiveCfg = Release|x64
		{FDDFFE72-D1A5-4F9A-AD65-5420587DC81D}.Release|Any CPU.Build.0 = Release|x64
		{D472C541-6317-4CC3-99B0-4E1E759BC0DB}.Debug|Any CPU.ActiveCfg = Debug|x64
		{D472C541-6317-4CC3-99B0-4E1E759BC0DB}.Debug|Any CPU.Build.0 = Debug|x64
		{D472C541-6317-4CC3-99B0-4E1E759BC0DB}.Release|Any CPU.ActiveCfg = Release|x64
		{D472C541-6317-4CC3-99B0-4E1E759BC0DB}.Release|Any CPU.Build.0 = Release|x64
		{0D49F3A5-73CB-4E4B-AB75-04318C28CE94}.Debug|Any CPU.ActiveCfg = Debug|x64
		{0D49F3A5-73CB-4E4B-AB75-04318C28CE94}.Debug|Any CPU.Build.0 = Debug|x64
		{0D49F3A5-73CB-4E4B-AB75-04318C28CE94}.Release|Any CPU.ActiveCfg = Release|x64
		{0D49F3A5-73CB-4E4B-AB75-04318C28CE94}.Release|Any CPU.Build.0 = Release|x64
		{E19B8E0B-B1BD-4506-AACE-3FE73904EC69}.Debug|Any CPU.ActiveCfg = Debug|x64
		{E19B8E0B-B1BD-4506-AACE-3FE73904EC69}.Debug|Any CPU.Build.0 = Debug|x64
		{E19B8E0B-B1BD-4506-AACE-3FE73904EC69}.Release|Any CPU.ActiveCfg = Release|x64
		{E19B8E0B-B1BD-4506-AACE-3FE73904EC69}.Release|Any CPU.Build.0 = Release|x64
		{5DB6C20E-CFBB-4707-8963-A2E4D0178DC1}.Debug|Any CPU.ActiveCfg = Debug|x64
		{5DB6C20E-CFBB-4707-8963-A2E4D0178DC1}.Debug|Any CPU.Build.0 = Debug|x64
		{5DB6C20E-CFBB-4707-8963-A2E4D0178DC1}.Release|Any CPU.ActiveCfg = Release|x64
		{5DB6C20E-CFBB-4707-8963-A2E4D0178DC1}.Release|Any CPU.Build.0 = Release|x64
		{B1101A4F-3784-4318-A336-B419C924B7CA}.Debug|Any CPU.ActiveCfg = Debug|x64
		{B1101A4F-3784-4318-A336-B419C924B7CA}.Debug|Any CPU.Build.0 = Debug|x64
		{B1101A4F-3784-4318-A336-B419C924B7CA}.Release|Any CPU.ActiveCfg = Release|x64
		{B1101A4F-3784-4318-A336-B419C924B7CA}.Release|Any CPU.Build.0 = Release|x64
		{382AF5DF-FDC6-4A42-960A-B6E8B6BE3EE2}.Debug|Any CPU.ActiveCfg = Debug|x64
		{382AF5DF-FDC6-4A42-960A-B6E8B6BE3EE2}.Debug|Any CPU.Build.0 = Debug|x64
		{382AF5DF-FDC6-4A42-960A-B6E8B6BE3EE2}.Release|Any CPU.ActiveCfg = Release|x64
		{382AF5DF-FDC6-4A42-960A-B6E8B6BE3EE2}.Release|Any CPU.Build.0 = Release|x64
		{F55470A3-C4F7-496A-94DE-81073E175812}.Debug|Any CPU.ActiveCfg = Debug|x64
		{F55470A3-C4F7-496A-94DE-81073E175812}.Debug|Any CPU.Build.0 = Debug|x64
		{F55470A3-C4F7-496A-94DE-81073E175812}.Release|Any CPU.ActiveCfg = Release|x64
		{F55470A3-C4F7-496A-94DE-81073E175812}.Release|Any CPU.Build.0 = Release|x64
		{8026726E-4805-4FAE-AFFE-6CD8CBD194C8}.Debug|Any CPU.ActiveCfg = Debug|x64
		{8026726E-4805-4FAE-AFFE-6CD8CBD194C8}.Debug|Any CPU.Build.0 = Debug|x64
		{8026726E-4805-4FAE-AFFE-6CD8CBD194C8}.Release|Any CPU.ActiveCfg = Release|x64
		{8026726E-4805-4FAE-AFFE-6CD8CBD194C8}.Release|Any CPU.Build.0 = Release|x64
		{B07B196D-B348-4F50-9993-B672F9AD45BA}.Debug|Any CPU.ActiveCfg = Debug|x64
		{B07B196D-B348-4F50-9993-B672F9AD45BA}.Debug|Any CPU.Build.0 = Debug|x64
		{B07B196D-B348-4F50-9993-B672F9AD45BA}.Release|Any CPU.ActiveCfg = Release|x64
		{B07B196D-B348-4F50-9993-B672F9AD45BA}.Release|Any CPU.Build.0 = Release|x64
		{BB4C97E5-B70B-4EBF-8BA0-E840D72C2F65}.Debug|Any CPU.ActiveCfg = Debug|x64
		{BB4C97E5-B70B-4EBF-8BA0-E840D72C2F65}.Debug|Any CPU.Build.0 = Debug|x64
		{BB4C97E5-B70B-4EBF-8BA0-E840D72C2F65}.Release|Any CPU.ActiveCfg = Release|x64
		{BB4C97E5-B70B-4EBF-8BA0-E840D72C2F65}.Release|Any CPU.Build.0 = Release|x64
		{E9D49F38-916F-4ECF-BAE7-A239FBB41419}.Debug|Any CPU.ActiveCfg = Debug|x64
		{E9D49F38-916F-4ECF-BAE7-A239FBB41419}.Debug|Any CPU.Build.0 = Debug|x64
		{E9D49F38-916F-4ECF-BAE7-A239FBB41419}.Release|Any CPU.ActiveCfg = Release|x64
		{E9D49F38-916F-4ECF-BAE7-A239FBB41419}.Release|Any CPU.Build.0 = Release|x64
		{378BA425-AB98-46E3-A5C0-155EAD374C99}.Debug|Any CPU.ActiveCfg = Debug|x64
		{378BA425-AB98-46E3-A5C0-155EAD374C99}.Debug|Any CPU.Build.0 = Debug|x64
		{378BA425-AB98-46E3-A5C0-155EAD374C99}.Release|Any CPU.ActiveCfg = Release|x64
		{378BA425-AB98-46E3-A5C0-155EAD374C99}.Release|Any CPU.Build.0 = Release|x64
		{33483729-391B-4F2D-9668-3AF7CC69E73F}.Debug|Any CPU.ActiveCfg = Debug|x64
		{33483729-391B-4F2D-9668-3AF7CC69E73F}.Debug|Any CPU.Build.0 = Debug|x64
		{33483729-391B-4F2D-9668-3AF7CC69E73F}.Release|Any CPU.ActiveCfg = Release|x64
		{33483729-391B-4F2D-9668-3AF7CC69E73F}.Release|Any CPU.Build.0 = Release|x64
		{5E49E1F9-BCCF-40E8-9F50-6FC8E6304FFF}.Debug|Any CPU.ActiveCfg = Debug|x64
		{5E49E1F9-BCCF-40E8-9F50-6FC8E6304FFF}.Debug|Any CPU.Build.0 = Debug|x64
		{5E49E1F9-BCCF-40E8-9F50-6FC8E6304FFF}.Release|Any CPU.ActiveCfg = Release|x64
		{5E49E1F9-BCCF-40E8-9F50-6FC8E6304FFF}.Release|Any CPU.Build.0 = Release|x64
		{AE0A32EF-50AD-4C7F-B544-A192DABB0ACD}.Debug|Any CPU.ActiveCfg = Debug|x64
		{AE0A32EF-50AD-4C7F-B544-A192DABB0ACD}.Debug|Any CPU.Build.0 = Debug|x64
		{AE0A32EF-50AD-4C7F-B544-A192DABB0ACD}.Release|Any CPU.ActiveCfg = Release|x64
		{AE0A32EF-50AD-4C7F-B544-A192DABB0ACD}.Release|Any CPU.Build.0 = Release|x64
		{70BD214A-076B-43F1-8D9D-7F4A39CB8CCC}.Debug|Any CPU.ActiveCfg = Debug|x64
		{70BD214A-076B-43F1-8D9D-7F4A39CB8CCC}.Debug|Any CPU.Build.0 = Debug|x64
		{70BD214A-076B-43F1-8D9D-7F4A39CB8CCC}.Release|Any CPU.ActiveCfg = Release|x64
		{70BD214A-076B-43F1-8D9D-7F4A39CB8CCC}.Release|Any CPU.Build.0 = Release|x64
		{9B1F8260-D805-469F-B48E-B9819A9CCA29}.Debug|Any CPU.ActiveCfg = Debug|x64
		{9B1F8260-D805-469F-B48E-B9819A9CCA29}.Debug|Any CPU.Build.0 = Debug|x64
		{9B1F8260-D805-469F-B48E-B9819A9CCA29}.Release|Any CPU.ActiveCfg = Release|x64
		{9B1F8260-D805-469F-B48E-B9819A9CCA29}.Release|Any CPU.Build.0 = Release|x64
		{1A3667CD-8B44-4284-B58D-83A8A3068B9F}.Debug|Any CPU.ActiveCfg = Debug|x64
		{1A3667CD-8B44-4284-B58D-83A8A3068B9F}.Debug|Any CPU.Build.0 = Debug|x64
		{1A3667CD-8B44-4284-B58D-83A8A3068B9F}.Release|Any CPU.ActiveCfg = Release|x64
		{1A3667CD-8B44-4284-B58D-83A8A3068B9F}.Release|Any CPU.Build.0 = Release|x64
		{68CF6263-BA42-4AAA-8E90-27B1DD6E07D2}.Debug|Any CPU.ActiveCfg = Debug|x64
		{68CF6263-BA42-4AAA-8E90-27B1DD6E07D2}.Debug|Any CPU.Build.0 = Debug|x64
		{68CF6263-BA42-4AAA-8E90-27B1DD6E07D2}.Release|Any CPU.ActiveCfg = Release|x64
		{68CF6263-BA42-4AAA-8E90-27B1DD6E07D2}.Release|Any CPU.Build.0 = Release|x64
		{9348D927-B382-42F4-A1EA-A0BC15C9675D}.Debug|Any CPU.ActiveCfg = Debug|x64
		{9348D927-B382-42F4-A1EA-A0BC15C9675D}.Debug|Any CPU.Build.0 = Debug|x64
		{9348D927-B382-42F4-A1EA-A0BC15C9675D}.Release|Any CPU.ActiveCfg = Release|x64
		{9348D927-B382-42F4-A1EA-A0BC15C9675D}.Release|Any CPU.Build.0 = Release|x64
		{95476562-D585-4EE7-83D6-A4A34B135F96}.Debug|Any CPU.ActiveCfg = Debug|x64
		{95476562-D585-4EE7-83D6-A4A34B135F96}.Debug|Any CPU.Build.0 = Debug|x64
		{95476562-D585-4EE7-83D6-A4A34B135F96}.Release|Any CPU.ActiveCfg = Release|x64
		{95476562-D585-4EE7-83D6-A4A34B135F96}.Release|Any CPU.Build.0 = Release|x64
		{004792E3-CF18-47A1-85BA-1063FD551C28}.Debug|Any CPU.ActiveCfg = Debug|x64
		{004792E3-CF18-47A1-85BA-1063FD551C28}.Debug|Any CPU.Build.0 = Debug|x64
		{004792E3-CF18-47A1-85BA-1063FD551C28}.Release|Any CPU.ActiveCfg = Release|x64
		{004792E3-CF18-47A1-85BA-1063FD551C28}.Release|Any CPU.Build.0 = Release|x64
		{6FAE46F5-C870-40FB-A4EA-B38C1F65EC43}.Debug|Any CPU.ActiveCfg = Debug|x64
		{6FAE46F5-C870-40FB-A4EA-B38C1F65EC43}.Debug|Any CPU.Build.0 = Debug|x64
		{6FAE46F5-C870-40FB-A4EA-B38C1F65EC43}.Release|Any CPU.ActiveCfg = Release|x64
		{6FAE46F5-C870-40FB-A4EA-B38C1F65EC43}.Release|Any CPU.Build.0 = Release|x64
		{E826909B-785A-4A61-BA02-353C767A40FE}.Debug|Any CPU.ActiveCfg = Debug|x64
		{E826909B-785A-4A61-BA02-353C767A40FE}.Debug|Any CPU.Build.0 = Debug|x64
		{E826909B-785A-4A61-BA02-353C767A40FE}.Release|Any CPU.ActiveCfg = Release|x64
		{E826909B-785A-4A61-BA02-353C767A40FE}.Release|Any CPU.Build.0 = Release|x64
		{4CC60911-DE9E-4E0F-B68F-9C6FF52B1E62}.Debug|Any CPU.ActiveCfg = Debug|x64
		{4CC60911-DE9E-4E0F-B68F-9C6FF52B1E62}.Debug|Any CPU.Build.0 = Debug|x64
		{4CC60911-DE9E-4E0F-B68F-9C6FF52B1E62}.Release|Any CPU.ActiveCfg = Release|x64
		{4CC60911-DE9E-4E0F-B68F-9C6FF52B1E62}.Release|Any CPU.Build.0 = Release|x64
		{1033F6FE-DF36-476C-AA27-B0FF74ED5BFF}.Debug|Any CPU.ActiveCfg = Debug|x64
		{1033F6FE-DF36-476C-AA27-B0FF74ED5BFF}.Debug|Any CPU.Build.0 = Debug|x64
		{1033F6FE-DF36-476C-AA27-B0FF74ED5BFF}.Release|Any CPU.ActiveCfg = Release|x64
		{1033F6FE-DF36-476C-AA27-B0FF74ED5BFF}.Release|Any CPU.Build.0 = Release|x64
		{AFC34C9C-8E96-4948-ABC3-DD9B935E6980}.Debug|Any CPU.ActiveCfg = Debug|x64
		{AFC34C9C-8E96-4948-ABC3-DD9B935E6980}.Debug|Any CPU.Build.0 = Debug|x64
		{AFC34C9C-8E96-4948-ABC3-DD9B935E6980}.Release|Any CPU.ActiveCfg = Release|x64
		{AFC34C9C-8E96-4948-ABC3-DD9B935E6980}.Release|Any CPU.Build.0 = Release|x64
		{0085E8BF-A784-4B5D-B80C-D515227DFD10}.Debug|Any CPU.ActiveCfg = Debug|x64
		{0085E8BF-A784-4B5D-B80C-D515227DFD10}.Debug|Any CPU.Build.0 = Debug|x64
		{0085E8BF-A784-4B5D-B80C-D515227DFD10}.Release|Any CPU.ActiveCfg = Release|x64
		{0085E8BF-A784-4B5D-B80C-D515227DFD10}.Release|Any CPU.Build.0 = Release|x64
		{40A05B46-2351-42B5-A5CB-C41513D3949E}.Debug|Any CPU.ActiveCfg = Debug|x64
		{40A05B46-2351-42B5-A5CB-C41513D3949E}.Debug|Any CPU.Build.0 = Debug|x64
		{40A05B46-2351-42B5-A5CB-C41513D3949E}.Release|Any CPU.ActiveCfg = Release|x64
		{40A05B46-2351-42B5-A5CB-C41513D3949E}.Release|Any CPU.Build.0 = Release|x64
		{D884C0D9-F644-46F3-BD0C-C0F6916039D4}.Debug|Any CPU.ActiveCfg = Debug|Any CPU
		{D884C0D9-F644-46F3-BD0C-C0F6916039D4}.Debug|Any CPU.Build.0 = Debug|Any CPU
		{D884C0D9-F644-46F3-BD0C-C0F6916039D4}.Release|Any CPU.ActiveCfg = Release|Any CPU
		{D884C0D9-F644-46F3-BD0C-C0F6916039D4}.Release|Any CPU.Build.0 = Release|Any CPU
		{8CE48F79-257A-4D7F-950D-C59F67FAFA28}.Debug|Any CPU.ActiveCfg = Debug|Any CPU
		{8CE48F79-257A-4D7F-950D-C59F67FAFA28}.Debug|Any CPU.Build.0 = Debug|Any CPU
		{8CE48F79-257A-4D7F-950D-C59F67FAFA28}.Release|Any CPU.ActiveCfg = Release|Any CPU
		{8CE48F79-257A-4D7F-950D-C59F67FAFA28}.Release|Any CPU.Build.0 = Release|Any CPU
		{B25FA283-0803-48DE-A3FE-C164A1C3C5EF}.Debug|Any CPU.ActiveCfg = Debug|Any CPU
		{B25FA283-0803-48DE-A3FE-C164A1C3C5EF}.Debug|Any CPU.Build.0 = Debug|Any CPU
		{B25FA283-0803-48DE-A3FE-C164A1C3C5EF}.Release|Any CPU.ActiveCfg = Release|Any CPU
		{B25FA283-0803-48DE-A3FE-C164A1C3C5EF}.Release|Any CPU.Build.0 = Release|Any CPU
		{2F3D9874-BFA8-4891-BB12-8E63D784CCB4}.Debug|Any CPU.ActiveCfg = Debug|Any CPU
		{2F3D9874-BFA8-4891-BB12-8E63D784CCB4}.Debug|Any CPU.Build.0 = Debug|Any CPU
		{2F3D9874-BFA8-4891-BB12-8E63D784CCB4}.Release|Any CPU.ActiveCfg = Release|Any CPU
		{2F3D9874-BFA8-4891-BB12-8E63D784CCB4}.Release|Any CPU.Build.0 = Release|Any CPU
		{91CFEDF9-9689-498C-AF6B-644B01A90582}.Debug|Any CPU.ActiveCfg = Debug|Any CPU
		{91CFEDF9-9689-498C-AF6B-644B01A90582}.Debug|Any CPU.Build.0 = Debug|Any CPU
		{91CFEDF9-9689-498C-AF6B-644B01A90582}.Release|Any CPU.ActiveCfg = Release|Any CPU
		{91CFEDF9-9689-498C-AF6B-644B01A90582}.Release|Any CPU.Build.0 = Release|Any CPU
	EndGlobalSection
	GlobalSection(NestedProjects) = preSolution
		{77147959-D6FB-453E-94F9-D61A6E7522F2} = {CCE168BF-F440-40FE-B2AC-C0E446860D3F}
		{734E399F-DA3E-49FF-ADAF-5CFA54C5C231} = {CCE168BF-F440-40FE-B2AC-C0E446860D3F}
		{EB5E64CA-D594-4BB2-8D02-82658DDB5FCA} = {CCE168BF-F440-40FE-B2AC-C0E446860D3F}
		{9DE6A0D5-D28E-49EC-AC1E-8395BA959792} = {CCE168BF-F440-40FE-B2AC-C0E446860D3F}
		{4C0ADDD8-E330-4002-96D0-A3D9A24B8BEF} = {CCE168BF-F440-40FE-B2AC-C0E446860D3F}
		{E910ED6E-A709-4E60-9DBC-E2761C253CC7} = {CCE168BF-F440-40FE-B2AC-C0E446860D3F}
		{35D10BD3-A23B-4EFE-BD56-13217039AD80} = {CCE168BF-F440-40FE-B2AC-C0E446860D3F}
		{AAE2D814-9FE0-4494-9983-646A524F80EF} = {CCE168BF-F440-40FE-B2AC-C0E446860D3F}
		{71DF8F5B-3B87-4F3B-AEC2-4FC3A00BEDFF} = {CCE168BF-F440-40FE-B2AC-C0E446860D3F}
		{6B623B13-FA8C-4AFB-9987-536D487AB211} = {CCE168BF-F440-40FE-B2AC-C0E446860D3F}
		{E78CBB5C-0B7A-46AF-8246-15CA367BFB3B} = {CCE168BF-F440-40FE-B2AC-C0E446860D3F}
		{4216A2A5-F231-4878-8ABE-3B39A62FB940} = {CCE168BF-F440-40FE-B2AC-C0E446860D3F}
		{7F928965-3154-47C9-AB80-55DF0E87E53F} = {CCE168BF-F440-40FE-B2AC-C0E446860D3F}
		{67162E0F-EBBC-49D0-BB62-55308799E504} = {CCE168BF-F440-40FE-B2AC-C0E446860D3F}
		{836ADECB-DAE3-4EBC-B207-C665D084FBB2} = {CCE168BF-F440-40FE-B2AC-C0E446860D3F}
		{B7455872-F049-474B-9BA4-403DCCEC0E5C} = {CCE168BF-F440-40FE-B2AC-C0E446860D3F}
		{FDDFFE72-D1A5-4F9A-AD65-5420587DC81D} = {CCE168BF-F440-40FE-B2AC-C0E446860D3F}
		{D472C541-6317-4CC3-99B0-4E1E759BC0DB} = {CCE168BF-F440-40FE-B2AC-C0E446860D3F}
		{0D49F3A5-73CB-4E4B-AB75-04318C28CE94} = {CCE168BF-F440-40FE-B2AC-C0E446860D3F}
		{E19B8E0B-B1BD-4506-AACE-3FE73904EC69} = {CCE168BF-F440-40FE-B2AC-C0E446860D3F}
		{5DB6C20E-CFBB-4707-8963-A2E4D0178DC1} = {CCE168BF-F440-40FE-B2AC-C0E446860D3F}
		{B1101A4F-3784-4318-A336-B419C924B7CA} = {CCE168BF-F440-40FE-B2AC-C0E446860D3F}
		{382AF5DF-FDC6-4A42-960A-B6E8B6BE3EE2} = {CCE168BF-F440-40FE-B2AC-C0E446860D3F}
		{F55470A3-C4F7-496A-94DE-81073E175812} = {CCE168BF-F440-40FE-B2AC-C0E446860D3F}
		{8026726E-4805-4FAE-AFFE-6CD8CBD194C8} = {CCE168BF-F440-40FE-B2AC-C0E446860D3F}
		{B07B196D-B348-4F50-9993-B672F9AD45BA} = {CCE168BF-F440-40FE-B2AC-C0E446860D3F}
		{BB4C97E5-B70B-4EBF-8BA0-E840D72C2F65} = {CCE168BF-F440-40FE-B2AC-C0E446860D3F}
		{E9D49F38-916F-4ECF-BAE7-A239FBB41419} = {CCE168BF-F440-40FE-B2AC-C0E446860D3F}
		{378BA425-AB98-46E3-A5C0-155EAD374C99} = {CCE168BF-F440-40FE-B2AC-C0E446860D3F}
		{33483729-391B-4F2D-9668-3AF7CC69E73F} = {CCE168BF-F440-40FE-B2AC-C0E446860D3F}
		{5E49E1F9-BCCF-40E8-9F50-6FC8E6304FFF} = {CCE168BF-F440-40FE-B2AC-C0E446860D3F}
		{AE0A32EF-50AD-4C7F-B544-A192DABB0ACD} = {CCE168BF-F440-40FE-B2AC-C0E446860D3F}
		{70BD214A-076B-43F1-8D9D-7F4A39CB8CCC} = {CCE168BF-F440-40FE-B2AC-C0E446860D3F}
		{9B1F8260-D805-469F-B48E-B9819A9CCA29} = {CCE168BF-F440-40FE-B2AC-C0E446860D3F}
		{1A3667CD-8B44-4284-B58D-83A8A3068B9F} = {CCE168BF-F440-40FE-B2AC-C0E446860D3F}
		{68CF6263-BA42-4AAA-8E90-27B1DD6E07D2} = {CCE168BF-F440-40FE-B2AC-C0E446860D3F}
		{9348D927-B382-42F4-A1EA-A0BC15C9675D} = {CCE168BF-F440-40FE-B2AC-C0E446860D3F}
		{95476562-D585-4EE7-83D6-A4A34B135F96} = {CCE168BF-F440-40FE-B2AC-C0E446860D3F}
		{004792E3-CF18-47A1-85BA-1063FD551C28} = {CCE168BF-F440-40FE-B2AC-C0E446860D3F}
		{6FAE46F5-C870-40FB-A4EA-B38C1F65EC43} = {CCE168BF-F440-40FE-B2AC-C0E446860D3F}
		{E826909B-785A-4A61-BA02-353C767A40FE} = {CCE168BF-F440-40FE-B2AC-C0E446860D3F}
		{4CC60911-DE9E-4E0F-B68F-9C6FF52B1E62} = {CCE168BF-F440-40FE-B2AC-C0E446860D3F}
		{1033F6FE-DF36-476C-AA27-B0FF74ED5BFF} = {CCE168BF-F440-40FE-B2AC-C0E446860D3F}
		{AFC34C9C-8E96-4948-ABC3-DD9B935E6980} = {CCE168BF-F440-40FE-B2AC-C0E446860D3F}
		{0085E8BF-A784-4B5D-B80C-D515227DFD10} = {CCE168BF-F440-40FE-B2AC-C0E446860D3F}
		{40A05B46-2351-42B5-A5CB-C41513D3949E} = {CCE168BF-F440-40FE-B2AC-C0E446860D3F}
		{D884C0D9-F644-46F3-BD0C-C0F6916039D4} = {CCE168BF-F440-40FE-B2AC-C0E446860D3F}
		{8CE48F79-257A-4D7F-950D-C59F67FAFA28} = {CCE168BF-F440-40FE-B2AC-C0E446860D3F}
		{B25FA283-0803-48DE-A3FE-C164A1C3C5EF} = {CCE168BF-F440-40FE-B2AC-C0E446860D3F}
		{2F3D9874-BFA8-4891-BB12-8E63D784CCB4} = {CCE168BF-F440-40FE-B2AC-C0E446860D3F}
		{91CFEDF9-9689-498C-AF6B-644B01A90582} = {CCE168BF-F440-40FE-B2AC-C0E446860D3F}
	EndGlobalSection
EndGlobal
