
Microsoft Visual Studio Solution File, Format Version 12.00
# Visual Studio Version 16
VisualStudioVersion = 16.0.30114.105
MinimumVisualStudioVersion = 10.0.40219.1
Project("{FAE04EC0-301F-11D3-BF4B-00C04F79EFBC}") = "z0.cmd", "cmd\z0.cmd.csproj", "{C1949422-049D-40AD-9AD6-257D4A76DD9A}"
EndProject
Project("{2150E333-8FDC-42A3-9474-1A3956D46DE8}") = "cg", "cg", "{67C3A9C4-0195-417F-B7E4-2744D48C832F}"
EndProject
Project("{FAE04EC0-301F-11D3-BF4B-00C04F79EFBC}") = "z0.cg.libs", "cg\cg.libs\z0.cg.libs.csproj", "{3B5AB198-A6CE-4601-B8E8-260735DFA2B5}"
EndProject
Project("{FAE04EC0-301F-11D3-BF4B-00C04F79EFBC}") = "z0.cg.shell", "cg\cg.shell\z0.cg.shell.csproj", "{0613F046-8C84-4A78-A98D-A0E6EF15B962}"
EndProject
Project("{2150E333-8FDC-42A3-9474-1A3956D46DE8}") = "libs", "libs", "{1B54F7E0-E80B-4D2B-81D8-573104CD6A4A}"
EndProject
Project("{FAE04EC0-301F-11D3-BF4B-00C04F79EFBC}") = "z0.cmd.checks", "libs\cmd.checks\z0.cmd.checks.csproj", "{250E3C83-BC94-44C4-8DB8-3930C6BFB7DE}"
EndProject
Project("{FAE04EC0-301F-11D3-BF4B-00C04F79EFBC}") = "z0.llvm.checks", "libs\llvm.checks\z0.llvm.checks.csproj", "{ED12A643-64AB-4353-BDA2-326950C92989}"
EndProject
Project("{FAE04EC0-301F-11D3-BF4B-00C04F79EFBC}") = "z0.clr.checks", "libs\clr.checks\z0.clr.checks.csproj", "{B663862A-186B-48A4-A07D-882979279B68}"
EndProject
Project("{FAE04EC0-301F-11D3-BF4B-00C04F79EFBC}") = "z0.api.checks", "libs\api.checks\z0.api.checks.csproj", "{01ADFFAB-BE69-42F9-B03F-796C251CD4CF}"
EndProject
Project("{FAE04EC0-301F-11D3-BF4B-00C04F79EFBC}") = "z0.asm.checks", "libs\asm.checks\z0.asm.checks.csproj", "{D445C889-8FE7-4F4E-993F-3BA21DE21B3E}"
EndProject
Project("{FAE04EC0-301F-11D3-BF4B-00C04F79EFBC}") = "z0.db.shell", "libs\db.shell\z0.db.shell.csproj", "{4268E117-BDDE-400D-A3F8-A032F2AADFF9}"
EndProject
Project("{FAE04EC0-301F-11D3-BF4B-00C04F79EFBC}") = "z0.wf.workers", "libs\wf.workers\z0.wf.workers.csproj", "{C5BCAEBF-E713-4141-880F-4B890469E096}"
EndProject
Project("{FAE04EC0-301F-11D3-BF4B-00C04F79EFBC}") = "z0.wf.shell", "libs\wf.shell\z0.wf.shell.csproj", "{E3930B5E-E8F6-4AEE-A91A-1760CAC50C52}"
EndProject
Project("{FAE04EC0-301F-11D3-BF4B-00C04F79EFBC}") = "z0.memory.checks", "libs\memory.checks\z0.memory.checks.csproj", "{64DD9A49-B81F-478E-9899-478C44FD5432}"
EndProject
Project("{2150E333-8FDC-42A3-9474-1A3956D46DE8}") = "test", "test", "{20BF21C3-4CCF-4A77-B645-F0B4A5211944}"
EndProject
Project("{FAE04EC0-301F-11D3-BF4B-00C04F79EFBC}") = "z0.test.units", "test\test.units\z0.test.units.csproj", "{22B5E91C-3BFA-4317-9CDB-63AF5A9577EA}"
EndProject
Project("{FAE04EC0-301F-11D3-BF4B-00C04F79EFBC}") = "z0.test.checks", "test\test.checks\z0.test.checks.csproj", "{CFB92A78-E839-4773-9CC4-E1A12A8E8326}"
EndProject
Project("{FAE04EC0-301F-11D3-BF4B-00C04F79EFBC}") = "z0.test.shell", "test\test.shell\z0.test.shell.csproj", "{0CB8F126-A8EF-4960-B540-B330F550865A}"
EndProject
Global
	GlobalSection(SolutionConfigurationPlatforms) = preSolution
		Debug|Any CPU = Debug|Any CPU
		Release|Any CPU = Release|Any CPU
	EndGlobalSection
	GlobalSection(SolutionProperties) = preSolution
		HideSolutionNode = FALSE
	EndGlobalSection
	GlobalSection(ProjectConfigurationPlatforms) = postSolution
		{C1949422-049D-40AD-9AD6-257D4A76DD9A}.Debug|Any CPU.ActiveCfg = Debug|x64
		{C1949422-049D-40AD-9AD6-257D4A76DD9A}.Debug|Any CPU.Build.0 = Debug|x64
		{C1949422-049D-40AD-9AD6-257D4A76DD9A}.Release|Any CPU.ActiveCfg = Release|x64
		{C1949422-049D-40AD-9AD6-257D4A76DD9A}.Release|Any CPU.Build.0 = Release|x64
		{3B5AB198-A6CE-4601-B8E8-260735DFA2B5}.Debug|Any CPU.ActiveCfg = Debug|x64
		{3B5AB198-A6CE-4601-B8E8-260735DFA2B5}.Debug|Any CPU.Build.0 = Debug|x64
		{3B5AB198-A6CE-4601-B8E8-260735DFA2B5}.Release|Any CPU.ActiveCfg = Release|x64
		{3B5AB198-A6CE-4601-B8E8-260735DFA2B5}.Release|Any CPU.Build.0 = Release|x64
		{0613F046-8C84-4A78-A98D-A0E6EF15B962}.Debug|Any CPU.ActiveCfg = Debug|x64
		{0613F046-8C84-4A78-A98D-A0E6EF15B962}.Debug|Any CPU.Build.0 = Debug|x64
		{0613F046-8C84-4A78-A98D-A0E6EF15B962}.Release|Any CPU.ActiveCfg = Release|x64
		{0613F046-8C84-4A78-A98D-A0E6EF15B962}.Release|Any CPU.Build.0 = Release|x64
		{250E3C83-BC94-44C4-8DB8-3930C6BFB7DE}.Debug|Any CPU.ActiveCfg = Debug|x64
		{250E3C83-BC94-44C4-8DB8-3930C6BFB7DE}.Debug|Any CPU.Build.0 = Debug|x64
		{250E3C83-BC94-44C4-8DB8-3930C6BFB7DE}.Release|Any CPU.ActiveCfg = Release|x64
		{250E3C83-BC94-44C4-8DB8-3930C6BFB7DE}.Release|Any CPU.Build.0 = Release|x64
		{ED12A643-64AB-4353-BDA2-326950C92989}.Debug|Any CPU.ActiveCfg = Debug|x64
		{ED12A643-64AB-4353-BDA2-326950C92989}.Debug|Any CPU.Build.0 = Debug|x64
		{ED12A643-64AB-4353-BDA2-326950C92989}.Release|Any CPU.ActiveCfg = Release|x64
		{ED12A643-64AB-4353-BDA2-326950C92989}.Release|Any CPU.Build.0 = Release|x64
		{B663862A-186B-48A4-A07D-882979279B68}.Debug|Any CPU.ActiveCfg = Debug|x64
		{B663862A-186B-48A4-A07D-882979279B68}.Debug|Any CPU.Build.0 = Debug|x64
		{B663862A-186B-48A4-A07D-882979279B68}.Release|Any CPU.ActiveCfg = Release|x64
		{B663862A-186B-48A4-A07D-882979279B68}.Release|Any CPU.Build.0 = Release|x64
		{01ADFFAB-BE69-42F9-B03F-796C251CD4CF}.Debug|Any CPU.ActiveCfg = Debug|x64
		{01ADFFAB-BE69-42F9-B03F-796C251CD4CF}.Debug|Any CPU.Build.0 = Debug|x64
		{01ADFFAB-BE69-42F9-B03F-796C251CD4CF}.Release|Any CPU.ActiveCfg = Release|x64
		{01ADFFAB-BE69-42F9-B03F-796C251CD4CF}.Release|Any CPU.Build.0 = Release|x64
		{D445C889-8FE7-4F4E-993F-3BA21DE21B3E}.Debug|Any CPU.ActiveCfg = Debug|x64
		{D445C889-8FE7-4F4E-993F-3BA21DE21B3E}.Debug|Any CPU.Build.0 = Debug|x64
		{D445C889-8FE7-4F4E-993F-3BA21DE21B3E}.Release|Any CPU.ActiveCfg = Release|x64
		{D445C889-8FE7-4F4E-993F-3BA21DE21B3E}.Release|Any CPU.Build.0 = Release|x64
		{4268E117-BDDE-400D-A3F8-A032F2AADFF9}.Debug|Any CPU.ActiveCfg = Debug|x64
		{4268E117-BDDE-400D-A3F8-A032F2AADFF9}.Debug|Any CPU.Build.0 = Debug|x64
		{4268E117-BDDE-400D-A3F8-A032F2AADFF9}.Release|Any CPU.ActiveCfg = Release|x64
		{4268E117-BDDE-400D-A3F8-A032F2AADFF9}.Release|Any CPU.Build.0 = Release|x64
		{C5BCAEBF-E713-4141-880F-4B890469E096}.Debug|Any CPU.ActiveCfg = Debug|x64
		{C5BCAEBF-E713-4141-880F-4B890469E096}.Debug|Any CPU.Build.0 = Debug|x64
		{C5BCAEBF-E713-4141-880F-4B890469E096}.Release|Any CPU.ActiveCfg = Release|x64
		{C5BCAEBF-E713-4141-880F-4B890469E096}.Release|Any CPU.Build.0 = Release|x64
		{E3930B5E-E8F6-4AEE-A91A-1760CAC50C52}.Debug|Any CPU.ActiveCfg = Debug|x64
		{E3930B5E-E8F6-4AEE-A91A-1760CAC50C52}.Debug|Any CPU.Build.0 = Debug|x64
		{E3930B5E-E8F6-4AEE-A91A-1760CAC50C52}.Release|Any CPU.ActiveCfg = Release|x64
		{E3930B5E-E8F6-4AEE-A91A-1760CAC50C52}.Release|Any CPU.Build.0 = Release|x64
		{64DD9A49-B81F-478E-9899-478C44FD5432}.Debug|Any CPU.ActiveCfg = Debug|x64
		{64DD9A49-B81F-478E-9899-478C44FD5432}.Debug|Any CPU.Build.0 = Debug|x64
		{64DD9A49-B81F-478E-9899-478C44FD5432}.Release|Any CPU.ActiveCfg = Release|x64
		{64DD9A49-B81F-478E-9899-478C44FD5432}.Release|Any CPU.Build.0 = Release|x64
		{22B5E91C-3BFA-4317-9CDB-63AF5A9577EA}.Debug|Any CPU.ActiveCfg = Debug|x64
		{22B5E91C-3BFA-4317-9CDB-63AF5A9577EA}.Debug|Any CPU.Build.0 = Debug|x64
		{22B5E91C-3BFA-4317-9CDB-63AF5A9577EA}.Release|Any CPU.ActiveCfg = Release|x64
		{22B5E91C-3BFA-4317-9CDB-63AF5A9577EA}.Release|Any CPU.Build.0 = Release|x64
		{CFB92A78-E839-4773-9CC4-E1A12A8E8326}.Debug|Any CPU.ActiveCfg = Debug|x64
		{CFB92A78-E839-4773-9CC4-E1A12A8E8326}.Debug|Any CPU.Build.0 = Debug|x64
		{CFB92A78-E839-4773-9CC4-E1A12A8E8326}.Release|Any CPU.ActiveCfg = Release|x64
		{CFB92A78-E839-4773-9CC4-E1A12A8E8326}.Release|Any CPU.Build.0 = Release|x64
		{0CB8F126-A8EF-4960-B540-B330F550865A}.Debug|Any CPU.ActiveCfg = Debug|x64
		{0CB8F126-A8EF-4960-B540-B330F550865A}.Debug|Any CPU.Build.0 = Debug|x64
		{0CB8F126-A8EF-4960-B540-B330F550865A}.Release|Any CPU.ActiveCfg = Release|x64
		{0CB8F126-A8EF-4960-B540-B330F550865A}.Release|Any CPU.Build.0 = Release|x64
	EndGlobalSection
	GlobalSection(NestedProjects) = preSolution
		{3B5AB198-A6CE-4601-B8E8-260735DFA2B5} = {67C3A9C4-0195-417F-B7E4-2744D48C832F}
		{0613F046-8C84-4A78-A98D-A0E6EF15B962} = {67C3A9C4-0195-417F-B7E4-2744D48C832F}
		{250E3C83-BC94-44C4-8DB8-3930C6BFB7DE} = {1B54F7E0-E80B-4D2B-81D8-573104CD6A4A}
		{ED12A643-64AB-4353-BDA2-326950C92989} = {1B54F7E0-E80B-4D2B-81D8-573104CD6A4A}
		{B663862A-186B-48A4-A07D-882979279B68} = {1B54F7E0-E80B-4D2B-81D8-573104CD6A4A}
		{01ADFFAB-BE69-42F9-B03F-796C251CD4CF} = {1B54F7E0-E80B-4D2B-81D8-573104CD6A4A}
		{D445C889-8FE7-4F4E-993F-3BA21DE21B3E} = {1B54F7E0-E80B-4D2B-81D8-573104CD6A4A}
		{4268E117-BDDE-400D-A3F8-A032F2AADFF9} = {1B54F7E0-E80B-4D2B-81D8-573104CD6A4A}
		{C5BCAEBF-E713-4141-880F-4B890469E096} = {1B54F7E0-E80B-4D2B-81D8-573104CD6A4A}
		{E3930B5E-E8F6-4AEE-A91A-1760CAC50C52} = {1B54F7E0-E80B-4D2B-81D8-573104CD6A4A}
		{64DD9A49-B81F-478E-9899-478C44FD5432} = {1B54F7E0-E80B-4D2B-81D8-573104CD6A4A}
		{22B5E91C-3BFA-4317-9CDB-63AF5A9577EA} = {20BF21C3-4CCF-4A77-B645-F0B4A5211944}
		{CFB92A78-E839-4773-9CC4-E1A12A8E8326} = {20BF21C3-4CCF-4A77-B645-F0B4A5211944}
		{0CB8F126-A8EF-4960-B540-B330F550865A} = {20BF21C3-4CCF-4A77-B645-F0B4A5211944}
	EndGlobalSection
EndGlobal
