
Microsoft Visual Studio Solution File, Format Version 12.00
# Visual Studio Version 16
VisualStudioVersion = 16.0.30114.105
MinimumVisualStudioVersion = 10.0.40219.1
Project("{2150E333-8FDC-42A3-9474-1A3956D46DE8}") = "libs", "libs", "{6C38745E-A5EF-436F-85C1-FFDB4ED81B12}"
EndProject
Project("{FAE04EC0-301F-11D3-BF4B-00C04F79EFBC}") = "z0.z", "libs\z\z0.z.csproj", "{24F71949-B39F-4858-9D59-7A0A6A59A57B}"
EndProject
Project("{FAE04EC0-301F-11D3-BF4B-00C04F79EFBC}") = "z0.cmd.checks", "libs\cmd.checks\z0.cmd.checks.csproj", "{F23EC524-C6EF-4B24-AC98-352612C5D091}"
EndProject
Project("{2150E333-8FDC-42A3-9474-1A3956D46DE8}") = "cg", "cg", "{DB7CF7F1-EDCA-4921-BBEE-36D41D5D0491}"
EndProject
Project("{FAE04EC0-301F-11D3-BF4B-00C04F79EFBC}") = "z0.cg.libs", "cg\cg.libs\z0.cg.libs.csproj", "{6AB3F334-17C3-4670-A575-528E741B4A0C}"
EndProject
Project("{FAE04EC0-301F-11D3-BF4B-00C04F79EFBC}") = "z0.cg.shell", "cg\cg.shell\z0.cg.shell.csproj", "{67891FC4-91E8-4A2D-8305-0D4F0A360A5A}"
EndProject
Project("{FAE04EC0-301F-11D3-BF4B-00C04F79EFBC}") = "z0.clr.checks", "libs\clr.checks\z0.clr.checks.csproj", "{E6AE16BC-1B82-4358-B510-AB0A2C38E271}"
EndProject
Project("{2150E333-8FDC-42A3-9474-1A3956D46DE8}") = "test", "test", "{BB083BA8-6BF2-410D-B54D-BB7641497BE6}"
EndProject
Project("{FAE04EC0-301F-11D3-BF4B-00C04F79EFBC}") = "z0.test.units", "test\test.units\z0.test.units.csproj", "{2260C8DB-ACE3-4387-984D-543C6A6F464B}"
EndProject
Project("{FAE04EC0-301F-11D3-BF4B-00C04F79EFBC}") = "z0.test.checks", "test\test.checks\z0.test.checks.csproj", "{EED4436D-09F9-4307-A199-8FA6A8E70A05}"
EndProject
Project("{FAE04EC0-301F-11D3-BF4B-00C04F79EFBC}") = "z0.test.shell", "test\test.shell\z0.test.shell.csproj", "{6F5F94E8-7068-4320-A809-9AB0405359F0}"
EndProject
Project("{FAE04EC0-301F-11D3-BF4B-00C04F79EFBC}") = "z0.wf.workers", "libs\wf.workers\z0.wf.workers.csproj", "{BA1583DC-BA46-4D8B-8EA2-599007C33419}"
EndProject
Project("{FAE04EC0-301F-11D3-BF4B-00C04F79EFBC}") = "z0.wf.shell", "libs\wf.shell\z0.wf.shell.csproj", "{B9261B0F-4E37-4A94-AE85-3F243B71DFFC}"
EndProject
Global
	GlobalSection(SolutionConfigurationPlatforms) = preSolution
		Debug|Any CPU = Debug|Any CPU
		Release|Any CPU = Release|Any CPU
	EndGlobalSection
	GlobalSection(SolutionProperties) = preSolution
		HideSolutionNode = FALSE
	EndGlobalSection
	GlobalSection(ProjectConfigurationPlatforms) = postSolution
		{24F71949-B39F-4858-9D59-7A0A6A59A57B}.Debug|Any CPU.ActiveCfg = Debug|x64
		{24F71949-B39F-4858-9D59-7A0A6A59A57B}.Debug|Any CPU.Build.0 = Debug|x64
		{24F71949-B39F-4858-9D59-7A0A6A59A57B}.Release|Any CPU.ActiveCfg = Release|x64
		{24F71949-B39F-4858-9D59-7A0A6A59A57B}.Release|Any CPU.Build.0 = Release|x64
		{F23EC524-C6EF-4B24-AC98-352612C5D091}.Debug|Any CPU.ActiveCfg = Debug|x64
		{F23EC524-C6EF-4B24-AC98-352612C5D091}.Debug|Any CPU.Build.0 = Debug|x64
		{F23EC524-C6EF-4B24-AC98-352612C5D091}.Release|Any CPU.ActiveCfg = Release|x64
		{F23EC524-C6EF-4B24-AC98-352612C5D091}.Release|Any CPU.Build.0 = Release|x64
		{6AB3F334-17C3-4670-A575-528E741B4A0C}.Debug|Any CPU.ActiveCfg = Debug|x64
		{6AB3F334-17C3-4670-A575-528E741B4A0C}.Debug|Any CPU.Build.0 = Debug|x64
		{6AB3F334-17C3-4670-A575-528E741B4A0C}.Release|Any CPU.ActiveCfg = Release|x64
		{6AB3F334-17C3-4670-A575-528E741B4A0C}.Release|Any CPU.Build.0 = Release|x64
		{67891FC4-91E8-4A2D-8305-0D4F0A360A5A}.Debug|Any CPU.ActiveCfg = Debug|x64
		{67891FC4-91E8-4A2D-8305-0D4F0A360A5A}.Debug|Any CPU.Build.0 = Debug|x64
		{67891FC4-91E8-4A2D-8305-0D4F0A360A5A}.Release|Any CPU.ActiveCfg = Release|x64
		{67891FC4-91E8-4A2D-8305-0D4F0A360A5A}.Release|Any CPU.Build.0 = Release|x64
		{E6AE16BC-1B82-4358-B510-AB0A2C38E271}.Debug|Any CPU.ActiveCfg = Debug|x64
		{E6AE16BC-1B82-4358-B510-AB0A2C38E271}.Debug|Any CPU.Build.0 = Debug|x64
		{E6AE16BC-1B82-4358-B510-AB0A2C38E271}.Release|Any CPU.ActiveCfg = Release|x64
		{E6AE16BC-1B82-4358-B510-AB0A2C38E271}.Release|Any CPU.Build.0 = Release|x64
		{2260C8DB-ACE3-4387-984D-543C6A6F464B}.Debug|Any CPU.ActiveCfg = Debug|x64
		{2260C8DB-ACE3-4387-984D-543C6A6F464B}.Debug|Any CPU.Build.0 = Debug|x64
		{2260C8DB-ACE3-4387-984D-543C6A6F464B}.Release|Any CPU.ActiveCfg = Release|x64
		{2260C8DB-ACE3-4387-984D-543C6A6F464B}.Release|Any CPU.Build.0 = Release|x64
		{EED4436D-09F9-4307-A199-8FA6A8E70A05}.Debug|Any CPU.ActiveCfg = Debug|x64
		{EED4436D-09F9-4307-A199-8FA6A8E70A05}.Debug|Any CPU.Build.0 = Debug|x64
		{EED4436D-09F9-4307-A199-8FA6A8E70A05}.Release|Any CPU.ActiveCfg = Release|x64
		{EED4436D-09F9-4307-A199-8FA6A8E70A05}.Release|Any CPU.Build.0 = Release|x64
		{6F5F94E8-7068-4320-A809-9AB0405359F0}.Debug|Any CPU.ActiveCfg = Debug|x64
		{6F5F94E8-7068-4320-A809-9AB0405359F0}.Debug|Any CPU.Build.0 = Debug|x64
		{6F5F94E8-7068-4320-A809-9AB0405359F0}.Release|Any CPU.ActiveCfg = Release|x64
		{6F5F94E8-7068-4320-A809-9AB0405359F0}.Release|Any CPU.Build.0 = Release|x64
		{BA1583DC-BA46-4D8B-8EA2-599007C33419}.Debug|Any CPU.ActiveCfg = Debug|x64
		{BA1583DC-BA46-4D8B-8EA2-599007C33419}.Debug|Any CPU.Build.0 = Debug|x64
		{BA1583DC-BA46-4D8B-8EA2-599007C33419}.Release|Any CPU.ActiveCfg = Release|x64
		{BA1583DC-BA46-4D8B-8EA2-599007C33419}.Release|Any CPU.Build.0 = Release|x64
		{B9261B0F-4E37-4A94-AE85-3F243B71DFFC}.Debug|Any CPU.ActiveCfg = Debug|x64
		{B9261B0F-4E37-4A94-AE85-3F243B71DFFC}.Debug|Any CPU.Build.0 = Debug|x64
		{B9261B0F-4E37-4A94-AE85-3F243B71DFFC}.Release|Any CPU.ActiveCfg = Release|x64
		{B9261B0F-4E37-4A94-AE85-3F243B71DFFC}.Release|Any CPU.Build.0 = Release|x64
	EndGlobalSection
	GlobalSection(NestedProjects) = preSolution
		{24F71949-B39F-4858-9D59-7A0A6A59A57B} = {6C38745E-A5EF-436F-85C1-FFDB4ED81B12}
		{F23EC524-C6EF-4B24-AC98-352612C5D091} = {6C38745E-A5EF-436F-85C1-FFDB4ED81B12}
		{6AB3F334-17C3-4670-A575-528E741B4A0C} = {DB7CF7F1-EDCA-4921-BBEE-36D41D5D0491}
		{67891FC4-91E8-4A2D-8305-0D4F0A360A5A} = {DB7CF7F1-EDCA-4921-BBEE-36D41D5D0491}
		{E6AE16BC-1B82-4358-B510-AB0A2C38E271} = {6C38745E-A5EF-436F-85C1-FFDB4ED81B12}
		{2260C8DB-ACE3-4387-984D-543C6A6F464B} = {BB083BA8-6BF2-410D-B54D-BB7641497BE6}
		{EED4436D-09F9-4307-A199-8FA6A8E70A05} = {BB083BA8-6BF2-410D-B54D-BB7641497BE6}
		{6F5F94E8-7068-4320-A809-9AB0405359F0} = {BB083BA8-6BF2-410D-B54D-BB7641497BE6}
		{BA1583DC-BA46-4D8B-8EA2-599007C33419} = {6C38745E-A5EF-436F-85C1-FFDB4ED81B12}
		{B9261B0F-4E37-4A94-AE85-3F243B71DFFC} = {6C38745E-A5EF-436F-85C1-FFDB4ED81B12}
	EndGlobalSection
EndGlobal
