
Microsoft Visual Studio Solution File, Format Version 12.00
# Visual Studio Version 16
VisualStudioVersion = 16.0.30114.105
MinimumVisualStudioVersion = 10.0.40219.1
Project("{FAE04EC0-301F-11D3-BF4B-00C04F79EFBC}") = "z0.z", "z0.z.csproj", "{5F1DEF65-1022-4AC0-9703-5EC59D5F4640}"
EndProject
Project("{FAE04EC0-301F-11D3-BF4B-00C04F79EFBC}") = "z0.literals", "..\literals\z0.literals.csproj", "{BA7CB0A3-4013-46E3-B6B1-93AEB221A494}"
EndProject
Project("{FAE04EC0-301F-11D3-BF4B-00C04F79EFBC}") = "z0.sys", "..\sys\z0.sys.csproj", "{BFC5E17A-E72F-4E2C-B757-7ACC9775539E}"
EndProject
Global
	GlobalSection(SolutionConfigurationPlatforms) = preSolution
		Release|Any CPU = Release|Any CPU
	EndGlobalSection
	GlobalSection(SolutionProperties) = preSolution
		HideSolutionNode = FALSE
	EndGlobalSection
	GlobalSection(ProjectConfigurationPlatforms) = postSolution
		{5F1DEF65-1022-4AC0-9703-5EC59D5F4640}.Release|Any CPU.ActiveCfg = Release|x64
		{5F1DEF65-1022-4AC0-9703-5EC59D5F4640}.Release|Any CPU.Build.0 = Release|x64
		{BA7CB0A3-4013-46E3-B6B1-93AEB221A494}.Release|Any CPU.ActiveCfg = Release|x64
		{BA7CB0A3-4013-46E3-B6B1-93AEB221A494}.Release|Any CPU.Build.0 = Release|x64
		{BFC5E17A-E72F-4E2C-B757-7ACC9775539E}.Release|Any CPU.ActiveCfg = Release|x64
		{BFC5E17A-E72F-4E2C-B757-7ACC9775539E}.Release|Any CPU.Build.0 = Release|x64
	EndGlobalSection
EndGlobal
