
Microsoft Visual Studio Solution File, Format Version 12.00
# Visual Studio Version 16
VisualStudioVersion = 16.0.30114.105
MinimumVisualStudioVersion = 10.0.40219.1
Project("{FAE04EC0-301F-11D3-BF4B-00C04F79EFBC}") = "z0.literals", "..\literals\z0.literals.csproj", "{FA6ADC73-FB8E-4F84-AC46-4640EC24EF57}"
EndProject
Project("{FAE04EC0-301F-11D3-BF4B-00C04F79EFBC}") = "z0.sys", "..\sys\z0.sys.csproj", "{5269A4D7-84B4-4FDC-8F20-9A5AE65D16A1}"
EndProject
Project("{FAE04EC0-301F-11D3-BF4B-00C04F79EFBC}") = "z0.text", "..\text\z0.text.csproj", "{C7708C4F-3A18-402A-80EF-9D4EC79AC149}"
EndProject
Project("{FAE04EC0-301F-11D3-BF4B-00C04F79EFBC}") = "z0.clr.msil", "..\clr.msil\z0.clr.msil.csproj", "{04631D8E-7BCA-4F56-B5C8-74A66B3044AF}"
EndProject
Project("{FAE04EC0-301F-11D3-BF4B-00C04F79EFBC}") = "z0.clr.query", "..\clr.query\z0.clr.query.csproj", "{96509287-F54D-48E3-86A8-E04C563CB30C}"
EndProject
Project("{FAE04EC0-301F-11D3-BF4B-00C04F79EFBC}") = "z0.clr.models", "..\clr.models\z0.clr.models.csproj", "{7867799A-E164-458B-B1B8-53905D2B9CED}"
EndProject
Project("{FAE04EC0-301F-11D3-BF4B-00C04F79EFBC}") = "z0.imagine", "..\imagine\z0.imagine.csproj", "{B880E43B-CBA0-427C-AE0B-E29397CF1175}"
EndProject
Project("{FAE04EC0-301F-11D3-BF4B-00C04F79EFBC}") = "z0.events", "..\events\z0.events.csproj", "{49D99132-447D-42D1-AFA8-61A4A74FC12A}"
EndProject
Project("{FAE04EC0-301F-11D3-BF4B-00C04F79EFBC}") = "z0.lib", "..\lib\z0.lib.csproj", "{F8EF117C-99EB-4DD1-A151-0FF6CAD68103}"
EndProject
Project("{FAE04EC0-301F-11D3-BF4B-00C04F79EFBC}") = "z0.containers", "..\containers\z0.containers.csproj", "{769D319B-B690-4A3E-A093-531AFB3A3445}"
EndProject
Project("{FAE04EC0-301F-11D3-BF4B-00C04F79EFBC}") = "z0.symbolics", "..\symbolics\z0.symbolics.csproj", "{86398F59-E861-420E-9D46-6F8164ED8A06}"
EndProject
Project("{FAE04EC0-301F-11D3-BF4B-00C04F79EFBC}") = "z0.bit", "..\bit\z0.bit.csproj", "{58A082CE-8B50-43FF-B29D-98C62526CE3F}"
EndProject
Project("{FAE04EC0-301F-11D3-BF4B-00C04F79EFBC}") = "z0.cmd.specs", "..\cmd.specs\z0.cmd.specs.csproj", "{38D0019E-14E4-4812-A437-3152AEEA82BF}"
EndProject
Project("{FAE04EC0-301F-11D3-BF4B-00C04F79EFBC}") = "z0.digital", "..\digital\z0.digital.csproj", "{8CC75854-432E-4A76-ACC5-EC7D27FE2588}"
EndProject
Project("{FAE04EC0-301F-11D3-BF4B-00C04F79EFBC}") = "z0.wf", "..\wf\z0.wf.csproj", "{53128CB4-7E8F-4766-817A-7F7DF1085EE3}"
EndProject
Project("{FAE04EC0-301F-11D3-BF4B-00C04F79EFBC}") = "z0.api.code", "..\api.code\z0.api.code.csproj", "{4EC343AA-D331-4FD7-BC4C-84A57C774814}"
EndProject
Project("{FAE04EC0-301F-11D3-BF4B-00C04F79EFBC}") = "z0.alloc", "..\alloc\z0.alloc.csproj", "{FFC26E31-5BA3-4693-9210-2A855B45DD22}"
EndProject
Project("{FAE04EC0-301F-11D3-BF4B-00C04F79EFBC}") = "z0.asm", "..\asm\z0.asm.csproj", "{764D0309-9B3E-415D-BBFD-95CBBA3F0BBA}"
EndProject
Project("{FAE04EC0-301F-11D3-BF4B-00C04F79EFBC}") = "z0.asm.core", "..\asm.core\z0.asm.core.csproj", "{AF97CA98-1D45-4B73-973C-1B51AAA7F31E}"
EndProject
Project("{FAE04EC0-301F-11D3-BF4B-00C04F79EFBC}") = "z0.asm.models", "..\asm.models\z0.asm.models.csproj", "{17EE8B0C-97B3-41D2-8B2D-77F998AEF331}"
EndProject
Project("{FAE04EC0-301F-11D3-BF4B-00C04F79EFBC}") = "z0.bits", "..\bits\z0.bits.csproj", "{771E16AC-65BA-4287-858A-BA3203C910FD}"
EndProject
Project("{FAE04EC0-301F-11D3-BF4B-00C04F79EFBC}") = "z0.builds", "..\builds\z0.builds.csproj", "{ADCD98F2-BF0F-4C6D-8352-F7F42585FEAB}"
EndProject
Project("{FAE04EC0-301F-11D3-BF4B-00C04F79EFBC}") = "z0.diagnostics", "..\diagnostics\z0.diagnostics.csproj", "{3E99D8BD-D685-4633-B45C-00C507C1043F}"
EndProject
Project("{FAE04EC0-301F-11D3-BF4B-00C04F79EFBC}") = "z0.emath", "..\emath\z0.emath.csproj", "{F15BECE2-F4B7-4455-BAB0-B7FBF36A89D5}"
EndProject
Project("{FAE04EC0-301F-11D3-BF4B-00C04F79EFBC}") = "z0.files", "..\files\z0.files.csproj", "{B053F1A9-42AB-4446-BA2C-F32ABA0B2B2D}"
EndProject
Project("{FAE04EC0-301F-11D3-BF4B-00C04F79EFBC}") = "z0.machines", "..\machines\z0.machines.csproj", "{64302ECF-9A97-4E30-9BFF-CBAE7C8510A5}"
EndProject
Project("{FAE04EC0-301F-11D3-BF4B-00C04F79EFBC}") = "z0.memory", "..\memory\z0.memory.csproj", "{E637206D-FDAF-4E4D-BEC1-34DDC2F9A9DA}"
EndProject
Project("{FAE04EC0-301F-11D3-BF4B-00C04F79EFBC}") = "z0.native", "..\native\z0.native.csproj", "{D622DE37-E947-4985-9E42-41E69F602FC2}"
EndProject
Project("{FAE04EC0-301F-11D3-BF4B-00C04F79EFBC}") = "z0.numbers", "..\numbers\z0.numbers.csproj", "{F94C505C-CE79-4FAF-A02A-422631D5E49D}"
EndProject
Project("{FAE04EC0-301F-11D3-BF4B-00C04F79EFBC}") = "z0.polyrand", "..\polyrand\z0.polyrand.csproj", "{DCE9E89B-352D-42AE-A49A-BF00370EBB1F}"
EndProject
Project("{FAE04EC0-301F-11D3-BF4B-00C04F79EFBC}") = "z0.rules", "..\rules\z0.rules.csproj", "{9D037CE1-9886-4393-9296-ABCB2B9446B8}"
EndProject
Project("{FAE04EC0-301F-11D3-BF4B-00C04F79EFBC}") = "z0.tools", "..\tools\z0.tools.csproj", "{2BC841CB-EC1B-40E2-9200-052BBE2248B3}"
EndProject
Project("{FAE04EC0-301F-11D3-BF4B-00C04F79EFBC}") = "z0.sos.cmd", "..\sos.cmd\z0.sos.cmd.csproj", "{C5361EDA-E248-43D7-9D42-9611ADDAC303}"
EndProject
Project("{FAE04EC0-301F-11D3-BF4B-00C04F79EFBC}") = "z0.validity", "..\validity\z0.validity.csproj", "{28D51DEB-9519-444B-A501-1291638DA51C}"
EndProject
Project("{FAE04EC0-301F-11D3-BF4B-00C04F79EFBC}") = "z0.tuples", "..\tuples\z0.tuples.csproj", "{03677063-DC4B-4761-9EEF-A4A56686C393}"
EndProject
Project("{FAE04EC0-301F-11D3-BF4B-00C04F79EFBC}") = "z0.asm.svc", "..\asm.svc\z0.asm.svc.csproj", "{A3F0478D-C004-4D2F-B8F1-76666B2B2768}"
EndProject
Project("{FAE04EC0-301F-11D3-BF4B-00C04F79EFBC}") = "z0.archives", "..\archives\z0.archives.csproj", "{BB92C546-7885-45AD-82C7-951C0B3CA167}"
EndProject
Project("{FAE04EC0-301F-11D3-BF4B-00C04F79EFBC}") = "z0.cli", "..\cli\z0.cli.csproj", "{624203A1-8188-4E18-8E1C-95B6DE90949D}"
EndProject
Project("{FAE04EC0-301F-11D3-BF4B-00C04F79EFBC}") = "z0.clr.cil", "..\clr.cil\z0.clr.cil.csproj", "{71B1EC05-566F-4071-B9E4-0C526D920672}"
EndProject
Project("{FAE04EC0-301F-11D3-BF4B-00C04F79EFBC}") = "z0.calcs", "..\calcs\z0.calcs.csproj", "{009C2AF0-5C7B-42EB-BD3B-AB9C34FD22C4}"
EndProject
Project("{FAE04EC0-301F-11D3-BF4B-00C04F79EFBC}") = "z0.api.md", "..\api.md\z0.api.md.csproj", "{C1E39C8A-636F-4CA5-A0B4-BFD801B10F21}"
EndProject
Project("{FAE04EC0-301F-11D3-BF4B-00C04F79EFBC}") = "z0.circuits", "..\circuits\z0.circuits.csproj", "{B0DE36A9-4AB1-4EE2-9212-9BB8F3CEA4C4}"
EndProject
Project("{FAE04EC0-301F-11D3-BF4B-00C04F79EFBC}") = "z0.coff", "..\coff\z0.coff.csproj", "{A2BBF677-4C51-4BAD-B8DF-F3D762D692E5}"
EndProject
Project("{FAE04EC0-301F-11D3-BF4B-00C04F79EFBC}") = "z0.fsm", "..\fsm\z0.fsm.csproj", "{6D00B63D-9ED3-4C41-B617-B4A30ECE4C06}"
EndProject
Project("{FAE04EC0-301F-11D3-BF4B-00C04F79EFBC}") = "z0.llvm.svc", "..\llvm.svc\z0.llvm.svc.csproj", "{5ADCE457-666B-4EE3-8980-F50F312B30AA}"
EndProject
Project("{FAE04EC0-301F-11D3-BF4B-00C04F79EFBC}") = "z0.lang", "..\lang\z0.lang.csproj", "{7A24244D-2C50-4562-9536-2B242E79CF80}"
EndProject
Project("{FAE04EC0-301F-11D3-BF4B-00C04F79EFBC}") = "z0.linq", "..\linq\z0.linq.csproj", "{5376D9A0-32FA-49B7-8C2B-1A5BC00B122A}"
EndProject
Project("{FAE04EC0-301F-11D3-BF4B-00C04F79EFBC}") = "z0.dynamic", "..\dynamic\z0.dynamic.csproj", "{870F17E3-2493-4523-BB11-B18E0F1F6E00}"
EndProject
Project("{FAE04EC0-301F-11D3-BF4B-00C04F79EFBC}") = "z0.heaps", "..\heaps\z0.heaps.csproj", "{A4A8B4BE-C7B3-445A-9723-03E11D18CCDA}"
EndProject
Project("{FAE04EC0-301F-11D3-BF4B-00C04F79EFBC}") = "z0.intel.svc", "..\intel.svc\z0.intel.svc.csproj", "{ACAE4ECB-0FF9-4D5F-904F-000ABE4CB9D4}"
EndProject
Project("{FAE04EC0-301F-11D3-BF4B-00C04F79EFBC}") = "z0.llvm.tools", "..\llvm.tools\z0.llvm.tools.csproj", "{5201A5AD-4A99-47CB-945F-B572C174C046}"
EndProject
Project("{FAE04EC0-301F-11D3-BF4B-00C04F79EFBC}") = "z0.memory.svc", "..\memory.svc\z0.memory.svc.csproj", "{C66E8BAA-4ECC-49DD-9537-939E8EB18C32}"
EndProject
Project("{FAE04EC0-301F-11D3-BF4B-00C04F79EFBC}") = "z0.queues", "..\queues\z0.queues.csproj", "{004311D0-E229-4BE9-829F-5781B3C4163E}"
EndProject
Project("{FAE04EC0-301F-11D3-BF4B-00C04F79EFBC}") = "z0.render", "..\render\z0.render.csproj", "{72818A46-2B92-4B91-B6BD-CF6AE16D8CA4}"
EndProject
Project("{FAE04EC0-301F-11D3-BF4B-00C04F79EFBC}") = "z0.assets", "..\assets\z0.assets.csproj", "{9ADDB623-9651-42BD-8387-647DF33BEC86}"
EndProject
Project("{FAE04EC0-301F-11D3-BF4B-00C04F79EFBC}") = "z0.agents", "..\agents\z0.agents.csproj", "{E74E40FF-CF13-4143-BCAB-0615C6371159}"
EndProject
Project("{FAE04EC0-301F-11D3-BF4B-00C04F79EFBC}") = "z0.asm.prototypes", "..\asm.prototypes\z0.asm.prototypes.csproj", "{12600388-C815-4A29-9D14-FA75641FDF7E}"
EndProject
Project("{FAE04EC0-301F-11D3-BF4B-00C04F79EFBC}") = "z0.db", "..\db\z0.db.csproj", "{4094468B-3823-4EFA-9280-D0781358440A}"
EndProject
Project("{FAE04EC0-301F-11D3-BF4B-00C04F79EFBC}") = "z0.cg.common", "..\..\cg\cg.common\z0.cg.common.csproj", "{C1670486-B5FD-491B-952D-FAC7589A0EEE}"
EndProject
Project("{FAE04EC0-301F-11D3-BF4B-00C04F79EFBC}") = "z0.cg.llvm", "..\..\cg\cg.llvm\z0.cg.llvm.csproj", "{E989471A-A3F7-4981-9E3C-2F6EBA7276A9}"
EndProject
Project("{FAE04EC0-301F-11D3-BF4B-00C04F79EFBC}") = "z0.cg.intel", "..\..\cg\cg.intel\z0.cg.intel.csproj", "{0B355031-4E85-44C5-953B-1D7E4631D726}"
EndProject
Project("{FAE04EC0-301F-11D3-BF4B-00C04F79EFBC}") = "z0.cg.libs", "..\..\cg\cg.libs\z0.cg.libs.csproj", "{A6B0955A-D1BE-457C-BBF8-0DF2D93469F1}"
EndProject
Project("{FAE04EC0-301F-11D3-BF4B-00C04F79EFBC}") = "z0.test.checks", "..\..\test\test.checks\z0.test.checks.csproj", "{AB4070E5-20A4-4D07-AE2A-7F07290B7537}"
EndProject
Project("{FAE04EC0-301F-11D3-BF4B-00C04F79EFBC}") = "z0.test.units", "..\..\test\test.units\z0.test.units.csproj", "{F4EBE442-D8E7-4BC5-9CB7-06D48D6F8374}"
EndProject
Global
	GlobalSection(SolutionConfigurationPlatforms) = preSolution
		Debug|Any CPU = Debug|Any CPU
		Release|Any CPU = Release|Any CPU
	EndGlobalSection
	GlobalSection(SolutionProperties) = preSolution
		HideSolutionNode = FALSE
	EndGlobalSection
	GlobalSection(ProjectConfigurationPlatforms) = postSolution
		{FA6ADC73-FB8E-4F84-AC46-4640EC24EF57}.Debug|Any CPU.ActiveCfg = Debug|x64
		{FA6ADC73-FB8E-4F84-AC46-4640EC24EF57}.Debug|Any CPU.Build.0 = Debug|x64
		{FA6ADC73-FB8E-4F84-AC46-4640EC24EF57}.Release|Any CPU.ActiveCfg = Release|x64
		{FA6ADC73-FB8E-4F84-AC46-4640EC24EF57}.Release|Any CPU.Build.0 = Release|x64
		{5269A4D7-84B4-4FDC-8F20-9A5AE65D16A1}.Debug|Any CPU.ActiveCfg = Debug|x64
		{5269A4D7-84B4-4FDC-8F20-9A5AE65D16A1}.Debug|Any CPU.Build.0 = Debug|x64
		{5269A4D7-84B4-4FDC-8F20-9A5AE65D16A1}.Release|Any CPU.ActiveCfg = Release|x64
		{5269A4D7-84B4-4FDC-8F20-9A5AE65D16A1}.Release|Any CPU.Build.0 = Release|x64
		{C7708C4F-3A18-402A-80EF-9D4EC79AC149}.Debug|Any CPU.ActiveCfg = Debug|x64
		{C7708C4F-3A18-402A-80EF-9D4EC79AC149}.Debug|Any CPU.Build.0 = Debug|x64
		{C7708C4F-3A18-402A-80EF-9D4EC79AC149}.Release|Any CPU.ActiveCfg = Release|x64
		{C7708C4F-3A18-402A-80EF-9D4EC79AC149}.Release|Any CPU.Build.0 = Release|x64
		{04631D8E-7BCA-4F56-B5C8-74A66B3044AF}.Debug|Any CPU.ActiveCfg = Debug|x64
		{04631D8E-7BCA-4F56-B5C8-74A66B3044AF}.Debug|Any CPU.Build.0 = Debug|x64
		{04631D8E-7BCA-4F56-B5C8-74A66B3044AF}.Release|Any CPU.ActiveCfg = Release|x64
		{04631D8E-7BCA-4F56-B5C8-74A66B3044AF}.Release|Any CPU.Build.0 = Release|x64
		{96509287-F54D-48E3-86A8-E04C563CB30C}.Debug|Any CPU.ActiveCfg = Debug|x64
		{96509287-F54D-48E3-86A8-E04C563CB30C}.Debug|Any CPU.Build.0 = Debug|x64
		{96509287-F54D-48E3-86A8-E04C563CB30C}.Release|Any CPU.ActiveCfg = Release|x64
		{96509287-F54D-48E3-86A8-E04C563CB30C}.Release|Any CPU.Build.0 = Release|x64
		{7867799A-E164-458B-B1B8-53905D2B9CED}.Debug|Any CPU.ActiveCfg = Debug|x64
		{7867799A-E164-458B-B1B8-53905D2B9CED}.Debug|Any CPU.Build.0 = Debug|x64
		{7867799A-E164-458B-B1B8-53905D2B9CED}.Release|Any CPU.ActiveCfg = Release|x64
		{7867799A-E164-458B-B1B8-53905D2B9CED}.Release|Any CPU.Build.0 = Release|x64
		{B880E43B-CBA0-427C-AE0B-E29397CF1175}.Debug|Any CPU.ActiveCfg = Debug|x64
		{B880E43B-CBA0-427C-AE0B-E29397CF1175}.Debug|Any CPU.Build.0 = Debug|x64
		{B880E43B-CBA0-427C-AE0B-E29397CF1175}.Release|Any CPU.ActiveCfg = Release|x64
		{B880E43B-CBA0-427C-AE0B-E29397CF1175}.Release|Any CPU.Build.0 = Release|x64
		{49D99132-447D-42D1-AFA8-61A4A74FC12A}.Debug|Any CPU.ActiveCfg = Debug|x64
		{49D99132-447D-42D1-AFA8-61A4A74FC12A}.Debug|Any CPU.Build.0 = Debug|x64
		{49D99132-447D-42D1-AFA8-61A4A74FC12A}.Release|Any CPU.ActiveCfg = Release|x64
		{49D99132-447D-42D1-AFA8-61A4A74FC12A}.Release|Any CPU.Build.0 = Release|x64
		{F8EF117C-99EB-4DD1-A151-0FF6CAD68103}.Debug|Any CPU.ActiveCfg = Debug|x64
		{F8EF117C-99EB-4DD1-A151-0FF6CAD68103}.Debug|Any CPU.Build.0 = Debug|x64
		{F8EF117C-99EB-4DD1-A151-0FF6CAD68103}.Release|Any CPU.ActiveCfg = Release|x64
		{F8EF117C-99EB-4DD1-A151-0FF6CAD68103}.Release|Any CPU.Build.0 = Release|x64
		{769D319B-B690-4A3E-A093-531AFB3A3445}.Debug|Any CPU.ActiveCfg = Debug|x64
		{769D319B-B690-4A3E-A093-531AFB3A3445}.Debug|Any CPU.Build.0 = Debug|x64
		{769D319B-B690-4A3E-A093-531AFB3A3445}.Release|Any CPU.ActiveCfg = Release|x64
		{769D319B-B690-4A3E-A093-531AFB3A3445}.Release|Any CPU.Build.0 = Release|x64
		{86398F59-E861-420E-9D46-6F8164ED8A06}.Debug|Any CPU.ActiveCfg = Debug|x64
		{86398F59-E861-420E-9D46-6F8164ED8A06}.Debug|Any CPU.Build.0 = Debug|x64
		{86398F59-E861-420E-9D46-6F8164ED8A06}.Release|Any CPU.ActiveCfg = Release|x64
		{86398F59-E861-420E-9D46-6F8164ED8A06}.Release|Any CPU.Build.0 = Release|x64
		{58A082CE-8B50-43FF-B29D-98C62526CE3F}.Debug|Any CPU.ActiveCfg = Debug|x64
		{58A082CE-8B50-43FF-B29D-98C62526CE3F}.Debug|Any CPU.Build.0 = Debug|x64
		{58A082CE-8B50-43FF-B29D-98C62526CE3F}.Release|Any CPU.ActiveCfg = Release|x64
		{58A082CE-8B50-43FF-B29D-98C62526CE3F}.Release|Any CPU.Build.0 = Release|x64
		{38D0019E-14E4-4812-A437-3152AEEA82BF}.Debug|Any CPU.ActiveCfg = Debug|x64
		{38D0019E-14E4-4812-A437-3152AEEA82BF}.Debug|Any CPU.Build.0 = Debug|x64
		{38D0019E-14E4-4812-A437-3152AEEA82BF}.Release|Any CPU.ActiveCfg = Release|x64
		{38D0019E-14E4-4812-A437-3152AEEA82BF}.Release|Any CPU.Build.0 = Release|x64
		{8CC75854-432E-4A76-ACC5-EC7D27FE2588}.Debug|Any CPU.ActiveCfg = Debug|x64
		{8CC75854-432E-4A76-ACC5-EC7D27FE2588}.Debug|Any CPU.Build.0 = Debug|x64
		{8CC75854-432E-4A76-ACC5-EC7D27FE2588}.Release|Any CPU.ActiveCfg = Release|x64
		{8CC75854-432E-4A76-ACC5-EC7D27FE2588}.Release|Any CPU.Build.0 = Release|x64
		{53128CB4-7E8F-4766-817A-7F7DF1085EE3}.Debug|Any CPU.ActiveCfg = Debug|x64
		{53128CB4-7E8F-4766-817A-7F7DF1085EE3}.Debug|Any CPU.Build.0 = Debug|x64
		{53128CB4-7E8F-4766-817A-7F7DF1085EE3}.Release|Any CPU.ActiveCfg = Release|x64
		{53128CB4-7E8F-4766-817A-7F7DF1085EE3}.Release|Any CPU.Build.0 = Release|x64
		{4EC343AA-D331-4FD7-BC4C-84A57C774814}.Debug|Any CPU.ActiveCfg = Debug|x64
		{4EC343AA-D331-4FD7-BC4C-84A57C774814}.Debug|Any CPU.Build.0 = Debug|x64
		{4EC343AA-D331-4FD7-BC4C-84A57C774814}.Release|Any CPU.ActiveCfg = Release|x64
		{4EC343AA-D331-4FD7-BC4C-84A57C774814}.Release|Any CPU.Build.0 = Release|x64
		{FFC26E31-5BA3-4693-9210-2A855B45DD22}.Debug|Any CPU.ActiveCfg = Debug|x64
		{FFC26E31-5BA3-4693-9210-2A855B45DD22}.Debug|Any CPU.Build.0 = Debug|x64
		{FFC26E31-5BA3-4693-9210-2A855B45DD22}.Release|Any CPU.ActiveCfg = Release|x64
		{FFC26E31-5BA3-4693-9210-2A855B45DD22}.Release|Any CPU.Build.0 = Release|x64
		{764D0309-9B3E-415D-BBFD-95CBBA3F0BBA}.Debug|Any CPU.ActiveCfg = Debug|x64
		{764D0309-9B3E-415D-BBFD-95CBBA3F0BBA}.Debug|Any CPU.Build.0 = Debug|x64
		{764D0309-9B3E-415D-BBFD-95CBBA3F0BBA}.Release|Any CPU.ActiveCfg = Release|x64
		{764D0309-9B3E-415D-BBFD-95CBBA3F0BBA}.Release|Any CPU.Build.0 = Release|x64
		{AF97CA98-1D45-4B73-973C-1B51AAA7F31E}.Debug|Any CPU.ActiveCfg = Debug|x64
		{AF97CA98-1D45-4B73-973C-1B51AAA7F31E}.Debug|Any CPU.Build.0 = Debug|x64
		{AF97CA98-1D45-4B73-973C-1B51AAA7F31E}.Release|Any CPU.ActiveCfg = Release|x64
		{AF97CA98-1D45-4B73-973C-1B51AAA7F31E}.Release|Any CPU.Build.0 = Release|x64
		{17EE8B0C-97B3-41D2-8B2D-77F998AEF331}.Debug|Any CPU.ActiveCfg = Debug|x64
		{17EE8B0C-97B3-41D2-8B2D-77F998AEF331}.Debug|Any CPU.Build.0 = Debug|x64
		{17EE8B0C-97B3-41D2-8B2D-77F998AEF331}.Release|Any CPU.ActiveCfg = Release|x64
		{17EE8B0C-97B3-41D2-8B2D-77F998AEF331}.Release|Any CPU.Build.0 = Release|x64
		{771E16AC-65BA-4287-858A-BA3203C910FD}.Debug|Any CPU.ActiveCfg = Debug|x64
		{771E16AC-65BA-4287-858A-BA3203C910FD}.Debug|Any CPU.Build.0 = Debug|x64
		{771E16AC-65BA-4287-858A-BA3203C910FD}.Release|Any CPU.ActiveCfg = Release|x64
		{771E16AC-65BA-4287-858A-BA3203C910FD}.Release|Any CPU.Build.0 = Release|x64
		{ADCD98F2-BF0F-4C6D-8352-F7F42585FEAB}.Debug|Any CPU.ActiveCfg = Debug|x64
		{ADCD98F2-BF0F-4C6D-8352-F7F42585FEAB}.Debug|Any CPU.Build.0 = Debug|x64
		{ADCD98F2-BF0F-4C6D-8352-F7F42585FEAB}.Release|Any CPU.ActiveCfg = Release|x64
		{ADCD98F2-BF0F-4C6D-8352-F7F42585FEAB}.Release|Any CPU.Build.0 = Release|x64
		{3E99D8BD-D685-4633-B45C-00C507C1043F}.Debug|Any CPU.ActiveCfg = Debug|x64
		{3E99D8BD-D685-4633-B45C-00C507C1043F}.Debug|Any CPU.Build.0 = Debug|x64
		{3E99D8BD-D685-4633-B45C-00C507C1043F}.Release|Any CPU.ActiveCfg = Release|x64
		{3E99D8BD-D685-4633-B45C-00C507C1043F}.Release|Any CPU.Build.0 = Release|x64
		{F15BECE2-F4B7-4455-BAB0-B7FBF36A89D5}.Debug|Any CPU.ActiveCfg = Debug|x64
		{F15BECE2-F4B7-4455-BAB0-B7FBF36A89D5}.Debug|Any CPU.Build.0 = Debug|x64
		{F15BECE2-F4B7-4455-BAB0-B7FBF36A89D5}.Release|Any CPU.ActiveCfg = Release|x64
		{F15BECE2-F4B7-4455-BAB0-B7FBF36A89D5}.Release|Any CPU.Build.0 = Release|x64
		{B053F1A9-42AB-4446-BA2C-F32ABA0B2B2D}.Debug|Any CPU.ActiveCfg = Debug|x64
		{B053F1A9-42AB-4446-BA2C-F32ABA0B2B2D}.Debug|Any CPU.Build.0 = Debug|x64
		{B053F1A9-42AB-4446-BA2C-F32ABA0B2B2D}.Release|Any CPU.ActiveCfg = Release|x64
		{B053F1A9-42AB-4446-BA2C-F32ABA0B2B2D}.Release|Any CPU.Build.0 = Release|x64
		{64302ECF-9A97-4E30-9BFF-CBAE7C8510A5}.Debug|Any CPU.ActiveCfg = Debug|x64
		{64302ECF-9A97-4E30-9BFF-CBAE7C8510A5}.Debug|Any CPU.Build.0 = Debug|x64
		{64302ECF-9A97-4E30-9BFF-CBAE7C8510A5}.Release|Any CPU.ActiveCfg = Release|x64
		{64302ECF-9A97-4E30-9BFF-CBAE7C8510A5}.Release|Any CPU.Build.0 = Release|x64
		{E637206D-FDAF-4E4D-BEC1-34DDC2F9A9DA}.Debug|Any CPU.ActiveCfg = Debug|x64
		{E637206D-FDAF-4E4D-BEC1-34DDC2F9A9DA}.Debug|Any CPU.Build.0 = Debug|x64
		{E637206D-FDAF-4E4D-BEC1-34DDC2F9A9DA}.Release|Any CPU.ActiveCfg = Release|x64
		{E637206D-FDAF-4E4D-BEC1-34DDC2F9A9DA}.Release|Any CPU.Build.0 = Release|x64
		{D622DE37-E947-4985-9E42-41E69F602FC2}.Debug|Any CPU.ActiveCfg = Debug|x64
		{D622DE37-E947-4985-9E42-41E69F602FC2}.Debug|Any CPU.Build.0 = Debug|x64
		{D622DE37-E947-4985-9E42-41E69F602FC2}.Release|Any CPU.ActiveCfg = Release|x64
		{D622DE37-E947-4985-9E42-41E69F602FC2}.Release|Any CPU.Build.0 = Release|x64
		{F94C505C-CE79-4FAF-A02A-422631D5E49D}.Debug|Any CPU.ActiveCfg = Debug|x64
		{F94C505C-CE79-4FAF-A02A-422631D5E49D}.Debug|Any CPU.Build.0 = Debug|x64
		{F94C505C-CE79-4FAF-A02A-422631D5E49D}.Release|Any CPU.ActiveCfg = Release|x64
		{F94C505C-CE79-4FAF-A02A-422631D5E49D}.Release|Any CPU.Build.0 = Release|x64
		{DCE9E89B-352D-42AE-A49A-BF00370EBB1F}.Debug|Any CPU.ActiveCfg = Debug|x64
		{DCE9E89B-352D-42AE-A49A-BF00370EBB1F}.Debug|Any CPU.Build.0 = Debug|x64
		{DCE9E89B-352D-42AE-A49A-BF00370EBB1F}.Release|Any CPU.ActiveCfg = Release|x64
		{DCE9E89B-352D-42AE-A49A-BF00370EBB1F}.Release|Any CPU.Build.0 = Release|x64
		{9D037CE1-9886-4393-9296-ABCB2B9446B8}.Debug|Any CPU.ActiveCfg = Debug|x64
		{9D037CE1-9886-4393-9296-ABCB2B9446B8}.Debug|Any CPU.Build.0 = Debug|x64
		{9D037CE1-9886-4393-9296-ABCB2B9446B8}.Release|Any CPU.ActiveCfg = Release|x64
		{9D037CE1-9886-4393-9296-ABCB2B9446B8}.Release|Any CPU.Build.0 = Release|x64
		{2BC841CB-EC1B-40E2-9200-052BBE2248B3}.Debug|Any CPU.ActiveCfg = Debug|x64
		{2BC841CB-EC1B-40E2-9200-052BBE2248B3}.Debug|Any CPU.Build.0 = Debug|x64
		{2BC841CB-EC1B-40E2-9200-052BBE2248B3}.Release|Any CPU.ActiveCfg = Release|x64
		{2BC841CB-EC1B-40E2-9200-052BBE2248B3}.Release|Any CPU.Build.0 = Release|x64
		{C5361EDA-E248-43D7-9D42-9611ADDAC303}.Debug|Any CPU.ActiveCfg = Debug|x64
		{C5361EDA-E248-43D7-9D42-9611ADDAC303}.Debug|Any CPU.Build.0 = Debug|x64
		{C5361EDA-E248-43D7-9D42-9611ADDAC303}.Release|Any CPU.ActiveCfg = Release|x64
		{C5361EDA-E248-43D7-9D42-9611ADDAC303}.Release|Any CPU.Build.0 = Release|x64
		{28D51DEB-9519-444B-A501-1291638DA51C}.Debug|Any CPU.ActiveCfg = Debug|x64
		{28D51DEB-9519-444B-A501-1291638DA51C}.Debug|Any CPU.Build.0 = Debug|x64
		{28D51DEB-9519-444B-A501-1291638DA51C}.Release|Any CPU.ActiveCfg = Release|x64
		{28D51DEB-9519-444B-A501-1291638DA51C}.Release|Any CPU.Build.0 = Release|x64
		{03677063-DC4B-4761-9EEF-A4A56686C393}.Debug|Any CPU.ActiveCfg = Debug|x64
		{03677063-DC4B-4761-9EEF-A4A56686C393}.Debug|Any CPU.Build.0 = Debug|x64
		{03677063-DC4B-4761-9EEF-A4A56686C393}.Release|Any CPU.ActiveCfg = Release|x64
		{03677063-DC4B-4761-9EEF-A4A56686C393}.Release|Any CPU.Build.0 = Release|x64
		{A3F0478D-C004-4D2F-B8F1-76666B2B2768}.Debug|Any CPU.ActiveCfg = Debug|x64
		{A3F0478D-C004-4D2F-B8F1-76666B2B2768}.Debug|Any CPU.Build.0 = Debug|x64
		{A3F0478D-C004-4D2F-B8F1-76666B2B2768}.Release|Any CPU.ActiveCfg = Release|x64
		{A3F0478D-C004-4D2F-B8F1-76666B2B2768}.Release|Any CPU.Build.0 = Release|x64
		{BB92C546-7885-45AD-82C7-951C0B3CA167}.Debug|Any CPU.ActiveCfg = Debug|x64
		{BB92C546-7885-45AD-82C7-951C0B3CA167}.Debug|Any CPU.Build.0 = Debug|x64
		{BB92C546-7885-45AD-82C7-951C0B3CA167}.Release|Any CPU.ActiveCfg = Release|x64
		{BB92C546-7885-45AD-82C7-951C0B3CA167}.Release|Any CPU.Build.0 = Release|x64
		{624203A1-8188-4E18-8E1C-95B6DE90949D}.Debug|Any CPU.ActiveCfg = Debug|x64
		{624203A1-8188-4E18-8E1C-95B6DE90949D}.Debug|Any CPU.Build.0 = Debug|x64
		{624203A1-8188-4E18-8E1C-95B6DE90949D}.Release|Any CPU.ActiveCfg = Release|x64
		{624203A1-8188-4E18-8E1C-95B6DE90949D}.Release|Any CPU.Build.0 = Release|x64
		{71B1EC05-566F-4071-B9E4-0C526D920672}.Debug|Any CPU.ActiveCfg = Debug|x64
		{71B1EC05-566F-4071-B9E4-0C526D920672}.Debug|Any CPU.Build.0 = Debug|x64
		{71B1EC05-566F-4071-B9E4-0C526D920672}.Release|Any CPU.ActiveCfg = Release|x64
		{71B1EC05-566F-4071-B9E4-0C526D920672}.Release|Any CPU.Build.0 = Release|x64
		{009C2AF0-5C7B-42EB-BD3B-AB9C34FD22C4}.Debug|Any CPU.ActiveCfg = Debug|x64
		{009C2AF0-5C7B-42EB-BD3B-AB9C34FD22C4}.Debug|Any CPU.Build.0 = Debug|x64
		{009C2AF0-5C7B-42EB-BD3B-AB9C34FD22C4}.Release|Any CPU.ActiveCfg = Release|x64
		{009C2AF0-5C7B-42EB-BD3B-AB9C34FD22C4}.Release|Any CPU.Build.0 = Release|x64
		{C1E39C8A-636F-4CA5-A0B4-BFD801B10F21}.Debug|Any CPU.ActiveCfg = Debug|x64
		{C1E39C8A-636F-4CA5-A0B4-BFD801B10F21}.Debug|Any CPU.Build.0 = Debug|x64
		{C1E39C8A-636F-4CA5-A0B4-BFD801B10F21}.Release|Any CPU.ActiveCfg = Release|x64
		{C1E39C8A-636F-4CA5-A0B4-BFD801B10F21}.Release|Any CPU.Build.0 = Release|x64
		{B0DE36A9-4AB1-4EE2-9212-9BB8F3CEA4C4}.Debug|Any CPU.ActiveCfg = Debug|x64
		{B0DE36A9-4AB1-4EE2-9212-9BB8F3CEA4C4}.Debug|Any CPU.Build.0 = Debug|x64
		{B0DE36A9-4AB1-4EE2-9212-9BB8F3CEA4C4}.Release|Any CPU.ActiveCfg = Release|x64
		{B0DE36A9-4AB1-4EE2-9212-9BB8F3CEA4C4}.Release|Any CPU.Build.0 = Release|x64
		{A2BBF677-4C51-4BAD-B8DF-F3D762D692E5}.Debug|Any CPU.ActiveCfg = Debug|x64
		{A2BBF677-4C51-4BAD-B8DF-F3D762D692E5}.Debug|Any CPU.Build.0 = Debug|x64
		{A2BBF677-4C51-4BAD-B8DF-F3D762D692E5}.Release|Any CPU.ActiveCfg = Release|x64
		{A2BBF677-4C51-4BAD-B8DF-F3D762D692E5}.Release|Any CPU.Build.0 = Release|x64
		{6D00B63D-9ED3-4C41-B617-B4A30ECE4C06}.Debug|Any CPU.ActiveCfg = Debug|x64
		{6D00B63D-9ED3-4C41-B617-B4A30ECE4C06}.Debug|Any CPU.Build.0 = Debug|x64
		{6D00B63D-9ED3-4C41-B617-B4A30ECE4C06}.Release|Any CPU.ActiveCfg = Release|x64
		{6D00B63D-9ED3-4C41-B617-B4A30ECE4C06}.Release|Any CPU.Build.0 = Release|x64
		{5ADCE457-666B-4EE3-8980-F50F312B30AA}.Debug|Any CPU.ActiveCfg = Debug|x64
		{5ADCE457-666B-4EE3-8980-F50F312B30AA}.Debug|Any CPU.Build.0 = Debug|x64
		{5ADCE457-666B-4EE3-8980-F50F312B30AA}.Release|Any CPU.ActiveCfg = Release|x64
		{5ADCE457-666B-4EE3-8980-F50F312B30AA}.Release|Any CPU.Build.0 = Release|x64
		{7A24244D-2C50-4562-9536-2B242E79CF80}.Debug|Any CPU.ActiveCfg = Debug|x64
		{7A24244D-2C50-4562-9536-2B242E79CF80}.Debug|Any CPU.Build.0 = Debug|x64
		{7A24244D-2C50-4562-9536-2B242E79CF80}.Release|Any CPU.ActiveCfg = Release|x64
		{7A24244D-2C50-4562-9536-2B242E79CF80}.Release|Any CPU.Build.0 = Release|x64
		{5376D9A0-32FA-49B7-8C2B-1A5BC00B122A}.Debug|Any CPU.ActiveCfg = Debug|x64
		{5376D9A0-32FA-49B7-8C2B-1A5BC00B122A}.Debug|Any CPU.Build.0 = Debug|x64
		{5376D9A0-32FA-49B7-8C2B-1A5BC00B122A}.Release|Any CPU.ActiveCfg = Release|x64
		{5376D9A0-32FA-49B7-8C2B-1A5BC00B122A}.Release|Any CPU.Build.0 = Release|x64
		{870F17E3-2493-4523-BB11-B18E0F1F6E00}.Debug|Any CPU.ActiveCfg = Debug|x64
		{870F17E3-2493-4523-BB11-B18E0F1F6E00}.Debug|Any CPU.Build.0 = Debug|x64
		{870F17E3-2493-4523-BB11-B18E0F1F6E00}.Release|Any CPU.ActiveCfg = Release|x64
		{870F17E3-2493-4523-BB11-B18E0F1F6E00}.Release|Any CPU.Build.0 = Release|x64
		{A4A8B4BE-C7B3-445A-9723-03E11D18CCDA}.Debug|Any CPU.ActiveCfg = Debug|x64
		{A4A8B4BE-C7B3-445A-9723-03E11D18CCDA}.Debug|Any CPU.Build.0 = Debug|x64
		{A4A8B4BE-C7B3-445A-9723-03E11D18CCDA}.Release|Any CPU.ActiveCfg = Release|x64
		{A4A8B4BE-C7B3-445A-9723-03E11D18CCDA}.Release|Any CPU.Build.0 = Release|x64
		{ACAE4ECB-0FF9-4D5F-904F-000ABE4CB9D4}.Debug|Any CPU.ActiveCfg = Debug|x64
		{ACAE4ECB-0FF9-4D5F-904F-000ABE4CB9D4}.Debug|Any CPU.Build.0 = Debug|x64
		{ACAE4ECB-0FF9-4D5F-904F-000ABE4CB9D4}.Release|Any CPU.ActiveCfg = Release|x64
		{ACAE4ECB-0FF9-4D5F-904F-000ABE4CB9D4}.Release|Any CPU.Build.0 = Release|x64
		{5201A5AD-4A99-47CB-945F-B572C174C046}.Debug|Any CPU.ActiveCfg = Debug|x64
		{5201A5AD-4A99-47CB-945F-B572C174C046}.Debug|Any CPU.Build.0 = Debug|x64
		{5201A5AD-4A99-47CB-945F-B572C174C046}.Release|Any CPU.ActiveCfg = Release|x64
		{5201A5AD-4A99-47CB-945F-B572C174C046}.Release|Any CPU.Build.0 = Release|x64
		{C66E8BAA-4ECC-49DD-9537-939E8EB18C32}.Debug|Any CPU.ActiveCfg = Debug|x64
		{C66E8BAA-4ECC-49DD-9537-939E8EB18C32}.Debug|Any CPU.Build.0 = Debug|x64
		{C66E8BAA-4ECC-49DD-9537-939E8EB18C32}.Release|Any CPU.ActiveCfg = Release|x64
		{C66E8BAA-4ECC-49DD-9537-939E8EB18C32}.Release|Any CPU.Build.0 = Release|x64
		{004311D0-E229-4BE9-829F-5781B3C4163E}.Debug|Any CPU.ActiveCfg = Debug|x64
		{004311D0-E229-4BE9-829F-5781B3C4163E}.Debug|Any CPU.Build.0 = Debug|x64
		{004311D0-E229-4BE9-829F-5781B3C4163E}.Release|Any CPU.ActiveCfg = Release|x64
		{004311D0-E229-4BE9-829F-5781B3C4163E}.Release|Any CPU.Build.0 = Release|x64
		{72818A46-2B92-4B91-B6BD-CF6AE16D8CA4}.Debug|Any CPU.ActiveCfg = Debug|x64
		{72818A46-2B92-4B91-B6BD-CF6AE16D8CA4}.Debug|Any CPU.Build.0 = Debug|x64
		{72818A46-2B92-4B91-B6BD-CF6AE16D8CA4}.Release|Any CPU.ActiveCfg = Release|x64
		{72818A46-2B92-4B91-B6BD-CF6AE16D8CA4}.Release|Any CPU.Build.0 = Release|x64
		{9ADDB623-9651-42BD-8387-647DF33BEC86}.Debug|Any CPU.ActiveCfg = Debug|x64
		{9ADDB623-9651-42BD-8387-647DF33BEC86}.Debug|Any CPU.Build.0 = Debug|x64
		{9ADDB623-9651-42BD-8387-647DF33BEC86}.Release|Any CPU.ActiveCfg = Release|x64
		{9ADDB623-9651-42BD-8387-647DF33BEC86}.Release|Any CPU.Build.0 = Release|x64
		{E74E40FF-CF13-4143-BCAB-0615C6371159}.Debug|Any CPU.ActiveCfg = Debug|x64
		{E74E40FF-CF13-4143-BCAB-0615C6371159}.Debug|Any CPU.Build.0 = Debug|x64
		{E74E40FF-CF13-4143-BCAB-0615C6371159}.Release|Any CPU.ActiveCfg = Release|x64
		{E74E40FF-CF13-4143-BCAB-0615C6371159}.Release|Any CPU.Build.0 = Release|x64
		{12600388-C815-4A29-9D14-FA75641FDF7E}.Debug|Any CPU.ActiveCfg = Debug|x64
		{12600388-C815-4A29-9D14-FA75641FDF7E}.Debug|Any CPU.Build.0 = Debug|x64
		{12600388-C815-4A29-9D14-FA75641FDF7E}.Release|Any CPU.ActiveCfg = Release|x64
		{12600388-C815-4A29-9D14-FA75641FDF7E}.Release|Any CPU.Build.0 = Release|x64
		{4094468B-3823-4EFA-9280-D0781358440A}.Debug|Any CPU.ActiveCfg = Debug|x64
		{4094468B-3823-4EFA-9280-D0781358440A}.Debug|Any CPU.Build.0 = Debug|x64
		{4094468B-3823-4EFA-9280-D0781358440A}.Release|Any CPU.ActiveCfg = Release|x64
		{4094468B-3823-4EFA-9280-D0781358440A}.Release|Any CPU.Build.0 = Release|x64
		{C1670486-B5FD-491B-952D-FAC7589A0EEE}.Debug|Any CPU.ActiveCfg = Debug|x64
		{C1670486-B5FD-491B-952D-FAC7589A0EEE}.Debug|Any CPU.Build.0 = Debug|x64
		{C1670486-B5FD-491B-952D-FAC7589A0EEE}.Release|Any CPU.ActiveCfg = Release|x64
		{C1670486-B5FD-491B-952D-FAC7589A0EEE}.Release|Any CPU.Build.0 = Release|x64
		{E989471A-A3F7-4981-9E3C-2F6EBA7276A9}.Debug|Any CPU.ActiveCfg = Debug|x64
		{E989471A-A3F7-4981-9E3C-2F6EBA7276A9}.Debug|Any CPU.Build.0 = Debug|x64
		{E989471A-A3F7-4981-9E3C-2F6EBA7276A9}.Release|Any CPU.ActiveCfg = Release|x64
		{E989471A-A3F7-4981-9E3C-2F6EBA7276A9}.Release|Any CPU.Build.0 = Release|x64
		{0B355031-4E85-44C5-953B-1D7E4631D726}.Debug|Any CPU.ActiveCfg = Debug|x64
		{0B355031-4E85-44C5-953B-1D7E4631D726}.Debug|Any CPU.Build.0 = Debug|x64
		{0B355031-4E85-44C5-953B-1D7E4631D726}.Release|Any CPU.ActiveCfg = Release|x64
		{0B355031-4E85-44C5-953B-1D7E4631D726}.Release|Any CPU.Build.0 = Release|x64
		{A6B0955A-D1BE-457C-BBF8-0DF2D93469F1}.Debug|Any CPU.ActiveCfg = Debug|x64
		{A6B0955A-D1BE-457C-BBF8-0DF2D93469F1}.Debug|Any CPU.Build.0 = Debug|x64
		{A6B0955A-D1BE-457C-BBF8-0DF2D93469F1}.Release|Any CPU.ActiveCfg = Release|x64
		{A6B0955A-D1BE-457C-BBF8-0DF2D93469F1}.Release|Any CPU.Build.0 = Release|x64
		{AB4070E5-20A4-4D07-AE2A-7F07290B7537}.Debug|Any CPU.ActiveCfg = Debug|x64
		{AB4070E5-20A4-4D07-AE2A-7F07290B7537}.Debug|Any CPU.Build.0 = Debug|x64
		{AB4070E5-20A4-4D07-AE2A-7F07290B7537}.Release|Any CPU.ActiveCfg = Release|x64
		{AB4070E5-20A4-4D07-AE2A-7F07290B7537}.Release|Any CPU.Build.0 = Release|x64
		{F4EBE442-D8E7-4BC5-9CB7-06D48D6F8374}.Debug|Any CPU.ActiveCfg = Debug|x64
		{F4EBE442-D8E7-4BC5-9CB7-06D48D6F8374}.Debug|Any CPU.Build.0 = Debug|x64
		{F4EBE442-D8E7-4BC5-9CB7-06D48D6F8374}.Release|Any CPU.ActiveCfg = Release|x64
		{F4EBE442-D8E7-4BC5-9CB7-06D48D6F8374}.Release|Any CPU.Build.0 = Release|x64
	EndGlobalSection
EndGlobal
