
Microsoft Visual Studio Solution File, Format Version 12.00
# Visual Studio Version 16
VisualStudioVersion = 16.0.30114.105
MinimumVisualStudioVersion = 10.0.40219.1
Project("{FAE04EC0-301F-11D3-BF4B-00C04F79EFBC}") = "z0.cg.libs", "cg.libs\z0.cg.libs.csproj", "{4EBC7C56-BC63-4744-AEB7-E8ADFD3D5264}"
EndProject
Project("{FAE04EC0-301F-11D3-BF4B-00C04F79EFBC}") = "z0.cg.shell", "cg.shell\z0.cg.shell.csproj", "{3526D847-FAFF-42B6-A040-C63CF3388CDF}"
EndProject
Project("{FAE04EC0-301F-11D3-BF4B-00C04F79EFBC}") = "z0.cg.test", "cg.test\z0.cg.test.csproj", "{9753C5C2-3974-4AC1-97F8-AFF55556A72F}"
EndProject
Global
	GlobalSection(SolutionConfigurationPlatforms) = preSolution
		Debug|Any CPU = Debug|Any CPU
		Release|Any CPU = Release|Any CPU
	EndGlobalSection
	GlobalSection(SolutionProperties) = preSolution
		HideSolutionNode = FALSE
	EndGlobalSection
	GlobalSection(ProjectConfigurationPlatforms) = postSolution
		{4EBC7C56-BC63-4744-AEB7-E8ADFD3D5264}.Debug|Any CPU.ActiveCfg = Debug|x64
		{4EBC7C56-BC63-4744-AEB7-E8ADFD3D5264}.Debug|Any CPU.Build.0 = Debug|x64
		{4EBC7C56-BC63-4744-AEB7-E8ADFD3D5264}.Release|Any CPU.ActiveCfg = Release|x64
		{4EBC7C56-BC63-4744-AEB7-E8ADFD3D5264}.Release|Any CPU.Build.0 = Release|x64
		{3526D847-FAFF-42B6-A040-C63CF3388CDF}.Debug|Any CPU.ActiveCfg = Debug|x64
		{3526D847-FAFF-42B6-A040-C63CF3388CDF}.Debug|Any CPU.Build.0 = Debug|x64
		{3526D847-FAFF-42B6-A040-C63CF3388CDF}.Release|Any CPU.ActiveCfg = Release|x64
		{3526D847-FAFF-42B6-A040-C63CF3388CDF}.Release|Any CPU.Build.0 = Release|x64
		{9753C5C2-3974-4AC1-97F8-AFF55556A72F}.Debug|Any CPU.ActiveCfg = Debug|x64
		{9753C5C2-3974-4AC1-97F8-AFF55556A72F}.Debug|Any CPU.Build.0 = Debug|x64
		{9753C5C2-3974-4AC1-97F8-AFF55556A72F}.Release|Any CPU.ActiveCfg = Release|x64
		{9753C5C2-3974-4AC1-97F8-AFF55556A72F}.Release|Any CPU.Build.0 = Release|x64
	EndGlobalSection
EndGlobal
