
Microsoft Visual Studio Solution File, Format Version 12.00
# Visual Studio Version 16
VisualStudioVersion = 16.0.30114.105
MinimumVisualStudioVersion = 10.0.40219.1
Project("{FAE04EC0-301F-11D3-BF4B-00C04F79EFBC}") = "z0.literals", "..\literals\z0.literals.csproj", "{72640D8E-6CE3-46A2-8ACD-018E2F57B80B}"
EndProject
Project("{FAE04EC0-301F-11D3-BF4B-00C04F79EFBC}") = "z0.interop", "..\interop\z0.interop.csproj", "{440FAF7C-EB7D-4608-9148-327E078D62AC}"
EndProject
Project("{FAE04EC0-301F-11D3-BF4B-00C04F79EFBC}") = "z0.sys", "..\sys\z0.sys.csproj", "{220A4247-153F-465B-B7FB-6BD8BAEC3BFF}"
EndProject
Project("{FAE04EC0-301F-11D3-BF4B-00C04F79EFBC}") = "z0.clr.msil", "..\clr.msil\z0.clr.msil.csproj", "{AA98F1C6-627B-4A78-99D6-BE2A2D6A999A}"
EndProject
Project("{FAE04EC0-301F-11D3-BF4B-00C04F79EFBC}") = "z0.clr.models", "..\clr.models\z0.clr.models.csproj", "{BEC659E0-3F7E-4413-A1F3-3B99ED71885B}"
EndProject
Project("{FAE04EC0-301F-11D3-BF4B-00C04F79EFBC}") = "z0.clr.query", "..\clr.query\z0.clr.query.csproj", "{CC7EE8DB-3AFA-4141-89F2-D6CDD1101430}"
EndProject
Project("{FAE04EC0-301F-11D3-BF4B-00C04F79EFBC}") = "z0.text", "..\text\z0.text.csproj", "{16A0FFBA-4B15-4BD8-A5A5-14E85138948A}"
EndProject
Project("{FAE04EC0-301F-11D3-BF4B-00C04F79EFBC}") = "z0.bit", "..\bit\z0.bit.csproj", "{3F5E6547-0CA0-4051-BBB5-4338780B75D1}"
EndProject
Project("{FAE04EC0-301F-11D3-BF4B-00C04F79EFBC}") = "z0.imagine", "..\imagine\z0.imagine.csproj", "{FA4B665C-DA02-424B-AF8F-E5E89677BBA9}"
EndProject
Project("{FAE04EC0-301F-11D3-BF4B-00C04F79EFBC}") = "z0.lib", "z0.lib.csproj", "{9D11F127-6C68-4F9C-B913-DB9CF8198ACB}"
EndProject
Global
	GlobalSection(SolutionConfigurationPlatforms) = preSolution
		Debug|Any CPU = Debug|Any CPU
		Release|Any CPU = Release|Any CPU
	EndGlobalSection
	GlobalSection(SolutionProperties) = preSolution
		HideSolutionNode = FALSE
	EndGlobalSection
	GlobalSection(ProjectConfigurationPlatforms) = postSolution
		{72640D8E-6CE3-46A2-8ACD-018E2F57B80B}.Debug|Any CPU.ActiveCfg = Debug|x64
		{72640D8E-6CE3-46A2-8ACD-018E2F57B80B}.Debug|Any CPU.Build.0 = Debug|x64
		{72640D8E-6CE3-46A2-8ACD-018E2F57B80B}.Release|Any CPU.ActiveCfg = Release|x64
		{72640D8E-6CE3-46A2-8ACD-018E2F57B80B}.Release|Any CPU.Build.0 = Release|x64
		{440FAF7C-EB7D-4608-9148-327E078D62AC}.Debug|Any CPU.ActiveCfg = Debug|x64
		{440FAF7C-EB7D-4608-9148-327E078D62AC}.Debug|Any CPU.Build.0 = Debug|x64
		{440FAF7C-EB7D-4608-9148-327E078D62AC}.Release|Any CPU.ActiveCfg = Release|x64
		{440FAF7C-EB7D-4608-9148-327E078D62AC}.Release|Any CPU.Build.0 = Release|x64
		{220A4247-153F-465B-B7FB-6BD8BAEC3BFF}.Debug|Any CPU.ActiveCfg = Debug|x64
		{220A4247-153F-465B-B7FB-6BD8BAEC3BFF}.Debug|Any CPU.Build.0 = Debug|x64
		{220A4247-153F-465B-B7FB-6BD8BAEC3BFF}.Release|Any CPU.ActiveCfg = Release|x64
		{220A4247-153F-465B-B7FB-6BD8BAEC3BFF}.Release|Any CPU.Build.0 = Release|x64
		{AA98F1C6-627B-4A78-99D6-BE2A2D6A999A}.Debug|Any CPU.ActiveCfg = Debug|x64
		{AA98F1C6-627B-4A78-99D6-BE2A2D6A999A}.Debug|Any CPU.Build.0 = Debug|x64
		{AA98F1C6-627B-4A78-99D6-BE2A2D6A999A}.Release|Any CPU.ActiveCfg = Release|x64
		{AA98F1C6-627B-4A78-99D6-BE2A2D6A999A}.Release|Any CPU.Build.0 = Release|x64
		{BEC659E0-3F7E-4413-A1F3-3B99ED71885B}.Debug|Any CPU.ActiveCfg = Debug|x64
		{BEC659E0-3F7E-4413-A1F3-3B99ED71885B}.Debug|Any CPU.Build.0 = Debug|x64
		{BEC659E0-3F7E-4413-A1F3-3B99ED71885B}.Release|Any CPU.ActiveCfg = Release|x64
		{BEC659E0-3F7E-4413-A1F3-3B99ED71885B}.Release|Any CPU.Build.0 = Release|x64
		{CC7EE8DB-3AFA-4141-89F2-D6CDD1101430}.Debug|Any CPU.ActiveCfg = Debug|x64
		{CC7EE8DB-3AFA-4141-89F2-D6CDD1101430}.Debug|Any CPU.Build.0 = Debug|x64
		{CC7EE8DB-3AFA-4141-89F2-D6CDD1101430}.Release|Any CPU.ActiveCfg = Release|x64
		{CC7EE8DB-3AFA-4141-89F2-D6CDD1101430}.Release|Any CPU.Build.0 = Release|x64
		{16A0FFBA-4B15-4BD8-A5A5-14E85138948A}.Debug|Any CPU.ActiveCfg = Debug|x64
		{16A0FFBA-4B15-4BD8-A5A5-14E85138948A}.Debug|Any CPU.Build.0 = Debug|x64
		{16A0FFBA-4B15-4BD8-A5A5-14E85138948A}.Release|Any CPU.ActiveCfg = Release|x64
		{16A0FFBA-4B15-4BD8-A5A5-14E85138948A}.Release|Any CPU.Build.0 = Release|x64
		{3F5E6547-0CA0-4051-BBB5-4338780B75D1}.Debug|Any CPU.ActiveCfg = Debug|x64
		{3F5E6547-0CA0-4051-BBB5-4338780B75D1}.Debug|Any CPU.Build.0 = Debug|x64
		{3F5E6547-0CA0-4051-BBB5-4338780B75D1}.Release|Any CPU.ActiveCfg = Release|x64
		{3F5E6547-0CA0-4051-BBB5-4338780B75D1}.Release|Any CPU.Build.0 = Release|x64
		{FA4B665C-DA02-424B-AF8F-E5E89677BBA9}.Debug|Any CPU.ActiveCfg = Debug|x64
		{FA4B665C-DA02-424B-AF8F-E5E89677BBA9}.Debug|Any CPU.Build.0 = Debug|x64
		{FA4B665C-DA02-424B-AF8F-E5E89677BBA9}.Release|Any CPU.ActiveCfg = Release|x64
		{FA4B665C-DA02-424B-AF8F-E5E89677BBA9}.Release|Any CPU.Build.0 = Release|x64
		{9D11F127-6C68-4F9C-B913-DB9CF8198ACB}.Debug|Any CPU.ActiveCfg = Debug|x64
		{9D11F127-6C68-4F9C-B913-DB9CF8198ACB}.Debug|Any CPU.Build.0 = Debug|x64
		{9D11F127-6C68-4F9C-B913-DB9CF8198ACB}.Release|Any CPU.ActiveCfg = Release|x64
		{9D11F127-6C68-4F9C-B913-DB9CF8198ACB}.Release|Any CPU.Build.0 = Release|x64
	EndGlobalSection
EndGlobal
